
Microsoft Visual Studio Solution File, Format Version 12.00
# Visual Studio Version 17
VisualStudioVersion = 17.14.36811.4
MinimumVisualStudioVersion = 10.0.40219.1
Project("{F184B08F-C81C-45F6-A57F-5ABD9991F28F}") = "FluidResizer", "FluidResizer\FluidResizer.vbproj", "{CA1EA3CA-5139-4FBB-9EF6-692A9717741C}"
EndProject
Project("{2150E333-8FDC-42A3-9474-1A3956D46DE8}") = "Services", "Services", "{222757F2-0D37-4E4B-A95B-7048BCFFA03C}"
EndProject
Project("{F184B08F-C81C-45F6-A57F-5ABD9991F28F}") = "FirebaseService", "FirebaseService\FirebaseService.vbproj", "{3F3FBD5B-B906-45E1-8952-E5073D6CD3A4}"
EndProject
Project("{F184B08F-C81C-45F6-A57F-5ABD9991F28F}") = "Test", "Test\Test.vbproj", "{E6E71D37-D000-43D7-BDB8-999DFFACC636}"
EndProject
Project("{2150E333-8FDC-42A3-9474-1A3956D46DE8}") = "Helpers", "Helpers", "{02EA681E-C7D8-13C7-8484-4AC65E1B71E8}"
EndProject
Project("{F184B08F-C81C-45F6-A57F-5ABD9991F28F}") = "Helpers.Windows", "Helpers.Windows\Helpers.Windows.vbproj", "{B54412CA-CE13-4810-8223-A0A16E0A1DFD}"
EndProject
Project("{F184B08F-C81C-45F6-A57F-5ABD9991F28F}") = "Helpers", "Helpers\Helpers.vbproj", "{1CFDC713-8F20-495E-A17C-016D10B6E253}"
EndProject
Project("{F184B08F-C81C-45F6-A57F-5ABD9991F28F}") = "MySqlService", "MySqlService\MySqlService.vbproj", "{DC64B5FF-BA8F-4EAB-BFF0-2F4D1D8B8DCC}"
EndProject
Project("{2150E333-8FDC-42A3-9474-1A3956D46DE8}") = "Extensions", "Extensions", "{AD7C1754-0D50-4B73-9B1F-6A7854E14DC0}"
EndProject
Project("{F184B08F-C81C-45F6-A57F-5ABD9991F28F}") = "Extensions", "Extensions\Extensions.vbproj", "{AF64C985-2E40-4464-9779-CD12F3B2DE2D}"
EndProject
Project("{F184B08F-C81C-45F6-A57F-5ABD9991F28F}") = "Extensions.Windows", "Extensions.Windows\Extensions.Windows.vbproj", "{B8DAD3B4-6457-4EEA-B52B-11B68B0602CD}"
EndProject
Project("{2150E333-8FDC-42A3-9474-1A3956D46DE8}") = "Attributes", "Attributes", "{52D841DE-0E41-42EB-89D8-35C34AFB08D5}"
EndProject
Project("{F184B08F-C81C-45F6-A57F-5ABD9991F28F}") = "Attributes", "Attributes\Attributes.vbproj", "{061CD190-B3D7-4CFA-AD3E-16156C33F4FF}"
EndProject
Project("{F184B08F-C81C-45F6-A57F-5ABD9991F28F}") = "AsyncLoader", "AsyncLoader\AsyncLoader.vbproj", "{9CB49F64-2F7E-4DEC-B408-241B215A34C8}"
EndProject
Project("{F184B08F-C81C-45F6-A57F-5ABD9991F28F}") = "FileMerger", "FileMerger\FileMerger.vbproj", "{CF93A325-7F4D-4206-B945-6041778384C5}"
EndProject
Project("{F184B08F-C81C-45F6-A57F-5ABD9991F28F}") = "FileStateManager", "FileStateManager\FileStateManager.vbproj", "{5F5F62FB-8828-40E1-8788-381B2A49883D}"
EndProject
Project("{2150E333-8FDC-42A3-9474-1A3956D46DE8}") = "Infraestructure", "Infraestructure", "{27D8D06D-C2C9-47BC-BB5B-540260CC91EF}"
EndProject
Project("{F184B08F-C81C-45F6-A57F-5ABD9991F28F}") = "Locator", "Locator\Locator.vbproj", "{64FDAC71-50F8-4E6C-9AD5-27669E878AB4}"
EndProject
Project("{2150E333-8FDC-42A3-9474-1A3956D46DE8}") = "Controls", "Controls", "{C867F33D-08B3-4D3B-88E2-2CC899F6E571}"
EndProject
Project("{F184B08F-C81C-45F6-A57F-5ABD9991F28F}") = "AnimatedBox", "AnimatedBox\AnimatedBox.vbproj", "{C3E90AEA-C267-49C8-8D4E-94AE0F687630}"
EndProject
Project("{F184B08F-C81C-45F6-A57F-5ABD9991F28F}") = "CentralizedComboBox", "CentralizedComboBox\CentralizedComboBox.vbproj", "{7EA7B4C3-A18C-4B81-AA93-3EEE7DC05057}"
EndProject
Project("{F184B08F-C81C-45F6-A57F-5ABD9991F28F}") = "ColoredProgressBar", "ColoredProgressBar\ColoredProgressBar.vbproj", "{2B025916-DB8C-44DF-8A4B-E97541F1CBCE}"
EndProject
Project("{F184B08F-C81C-45F6-A57F-5ABD9991F28F}") = "CToolStripRender", "CToolStripRender\CToolStripRender.vbproj", "{160886C7-9122-4776-A755-1A1578F0DCEA}"
EndProject
Project("{F184B08F-C81C-45F6-A57F-5ABD9991F28F}") = "CUITypeEditor", "CUITypeEditor\CUITypeEditor.vbproj", "{66B49DCC-0CCA-4F1E-8C9A-23D2C7B2372D}"
EndProject
Project("{F184B08F-C81C-45F6-A57F-5ABD9991F28F}") = "DataGridViewLayout", "DataGridViewLayout\DataGridViewLayout.vbproj", "{9E22749F-7A75-4A82-B636-58256D63B47C}"
EndProject
Project("{F184B08F-C81C-45F6-A57F-5ABD9991F28F}") = "ToolStripCheckBox", "ToolStripCheckBox\ToolStripCheckBox.vbproj", "{0F9FE830-6879-487F-962C-3DF4703B8AF2}"
EndProject
Project("{F184B08F-C81C-45F6-A57F-5ABD9991F28F}") = "CMessageBox", "CMessageBox\CMessageBox.vbproj", "{BCE7D508-3F38-4436-91A8-8DADAF0615C4}"
EndProject
Project("{F184B08F-C81C-45F6-A57F-5ABD9991F28F}") = "NoFocusCueButton", "NoFocusCueButton\NoFocusCueButton.vbproj", "{B90E6DC1-3433-4236-867A-DF00F5083E06}"
EndProject
Project("{F184B08F-C81C-45F6-A57F-5ABD9991F28F}") = "ControlContainer", "ControlContainer\ControlContainer.vbproj", "{10581B5C-C6EF-4953-A909-D3CC1491086B}"
EndProject
Global
	GlobalSection(SolutionConfigurationPlatforms) = preSolution
		Debug|Any CPU = Debug|Any CPU
		Release|Any CPU = Release|Any CPU
	EndGlobalSection
	GlobalSection(ProjectConfigurationPlatforms) = postSolution
		{CA1EA3CA-5139-4FBB-9EF6-692A9717741C}.Debug|Any CPU.ActiveCfg = Debug|Any CPU
		{CA1EA3CA-5139-4FBB-9EF6-692A9717741C}.Debug|Any CPU.Build.0 = Debug|Any CPU
		{CA1EA3CA-5139-4FBB-9EF6-692A9717741C}.Release|Any CPU.ActiveCfg = Release|Any CPU
		{CA1EA3CA-5139-4FBB-9EF6-692A9717741C}.Release|Any CPU.Build.0 = Release|Any CPU
		{3F3FBD5B-B906-45E1-8952-E5073D6CD3A4}.Debug|Any CPU.ActiveCfg = Debug|Any CPU
		{3F3FBD5B-B906-45E1-8952-E5073D6CD3A4}.Debug|Any CPU.Build.0 = Debug|Any CPU
		{3F3FBD5B-B906-45E1-8952-E5073D6CD3A4}.Release|Any CPU.ActiveCfg = Release|Any CPU
		{3F3FBD5B-B906-45E1-8952-E5073D6CD3A4}.Release|Any CPU.Build.0 = Release|Any CPU
		{E6E71D37-D000-43D7-BDB8-999DFFACC636}.Debug|Any CPU.ActiveCfg = Debug|Any CPU
		{E6E71D37-D000-43D7-BDB8-999DFFACC636}.Debug|Any CPU.Build.0 = Debug|Any CPU
		{E6E71D37-D000-43D7-BDB8-999DFFACC636}.Release|Any CPU.ActiveCfg = Release|Any CPU
		{E6E71D37-D000-43D7-BDB8-999DFFACC636}.Release|Any CPU.Build.0 = Release|Any CPU
		{B54412CA-CE13-4810-8223-A0A16E0A1DFD}.Debug|Any CPU.ActiveCfg = Debug|Any CPU
		{B54412CA-CE13-4810-8223-A0A16E0A1DFD}.Debug|Any CPU.Build.0 = Debug|Any CPU
		{B54412CA-CE13-4810-8223-A0A16E0A1DFD}.Release|Any CPU.ActiveCfg = Release|Any CPU
		{B54412CA-CE13-4810-8223-A0A16E0A1DFD}.Release|Any CPU.Build.0 = Release|Any CPU
		{1CFDC713-8F20-495E-A17C-016D10B6E253}.Debug|Any CPU.ActiveCfg = Debug|Any CPU
		{1CFDC713-8F20-495E-A17C-016D10B6E253}.Debug|Any CPU.Build.0 = Debug|Any CPU
		{1CFDC713-8F20-495E-A17C-016D10B6E253}.Release|Any CPU.ActiveCfg = Release|Any CPU
		{1CFDC713-8F20-495E-A17C-016D10B6E253}.Release|Any CPU.Build.0 = Release|Any CPU
		{DC64B5FF-BA8F-4EAB-BFF0-2F4D1D8B8DCC}.Debug|Any CPU.ActiveCfg = Debug|Any CPU
		{DC64B5FF-BA8F-4EAB-BFF0-2F4D1D8B8DCC}.Debug|Any CPU.Build.0 = Debug|Any CPU
		{DC64B5FF-BA8F-4EAB-BFF0-2F4D1D8B8DCC}.Release|Any CPU.ActiveCfg = Release|Any CPU
		{DC64B5FF-BA8F-4EAB-BFF0-2F4D1D8B8DCC}.Release|Any CPU.Build.0 = Release|Any CPU
		{AF64C985-2E40-4464-9779-CD12F3B2DE2D}.Debug|Any CPU.ActiveCfg = Debug|Any CPU
		{AF64C985-2E40-4464-9779-CD12F3B2DE2D}.Debug|Any CPU.Build.0 = Debug|Any CPU
		{AF64C985-2E40-4464-9779-CD12F3B2DE2D}.Release|Any CPU.ActiveCfg = Release|Any CPU
		{AF64C985-2E40-4464-9779-CD12F3B2DE2D}.Release|Any CPU.Build.0 = Release|Any CPU
		{B8DAD3B4-6457-4EEA-B52B-11B68B0602CD}.Debug|Any CPU.ActiveCfg = Debug|Any CPU
		{B8DAD3B4-6457-4EEA-B52B-11B68B0602CD}.Debug|Any CPU.Build.0 = Debug|Any CPU
		{B8DAD3B4-6457-4EEA-B52B-11B68B0602CD}.Release|Any CPU.ActiveCfg = Release|Any CPU
		{B8DAD3B4-6457-4EEA-B52B-11B68B0602CD}.Release|Any CPU.Build.0 = Release|Any CPU
		{061CD190-B3D7-4CFA-AD3E-16156C33F4FF}.Debug|Any CPU.ActiveCfg = Debug|Any CPU
		{061CD190-B3D7-4CFA-AD3E-16156C33F4FF}.Debug|Any CPU.Build.0 = Debug|Any CPU
		{061CD190-B3D7-4CFA-AD3E-16156C33F4FF}.Release|Any CPU.ActiveCfg = Release|Any CPU
		{061CD190-B3D7-4CFA-AD3E-16156C33F4FF}.Release|Any CPU.Build.0 = Release|Any CPU
		{9CB49F64-2F7E-4DEC-B408-241B215A34C8}.Debug|Any CPU.ActiveCfg = Debug|Any CPU
		{9CB49F64-2F7E-4DEC-B408-241B215A34C8}.Debug|Any CPU.Build.0 = Debug|Any CPU
		{9CB49F64-2F7E-4DEC-B408-241B215A34C8}.Release|Any CPU.ActiveCfg = Release|Any CPU
		{9CB49F64-2F7E-4DEC-B408-241B215A34C8}.Release|Any CPU.Build.0 = Release|Any CPU
		{CF93A325-7F4D-4206-B945-6041778384C5}.Debug|Any CPU.ActiveCfg = Debug|Any CPU
		{CF93A325-7F4D-4206-B945-6041778384C5}.Debug|Any CPU.Build.0 = Debug|Any CPU
		{CF93A325-7F4D-4206-B945-6041778384C5}.Release|Any CPU.ActiveCfg = Release|Any CPU
		{CF93A325-7F4D-4206-B945-6041778384C5}.Release|Any CPU.Build.0 = Release|Any CPU
		{5F5F62FB-8828-40E1-8788-381B2A49883D}.Debug|Any CPU.ActiveCfg = Debug|Any CPU
		{5F5F62FB-8828-40E1-8788-381B2A49883D}.Debug|Any CPU.Build.0 = Debug|Any CPU
		{5F5F62FB-8828-40E1-8788-381B2A49883D}.Release|Any CPU.ActiveCfg = Release|Any CPU
		{5F5F62FB-8828-40E1-8788-381B2A49883D}.Release|Any CPU.Build.0 = Release|Any CPU
		{64FDAC71-50F8-4E6C-9AD5-27669E878AB4}.Debug|Any CPU.ActiveCfg = Debug|Any CPU
		{64FDAC71-50F8-4E6C-9AD5-27669E878AB4}.Debug|Any CPU.Build.0 = Debug|Any CPU
		{64FDAC71-50F8-4E6C-9AD5-27669E878AB4}.Release|Any CPU.ActiveCfg = Release|Any CPU
		{64FDAC71-50F8-4E6C-9AD5-27669E878AB4}.Release|Any CPU.Build.0 = Release|Any CPU
		{C3E90AEA-C267-49C8-8D4E-94AE0F687630}.Debug|Any CPU.ActiveCfg = Debug|Any CPU
		{C3E90AEA-C267-49C8-8D4E-94AE0F687630}.Debug|Any CPU.Build.0 = Debug|Any CPU
		{C3E90AEA-C267-49C8-8D4E-94AE0F687630}.Release|Any CPU.ActiveCfg = Release|Any CPU
		{C3E90AEA-C267-49C8-8D4E-94AE0F687630}.Release|Any CPU.Build.0 = Release|Any CPU
		{7EA7B4C3-A18C-4B81-AA93-3EEE7DC05057}.Debug|Any CPU.ActiveCfg = Debug|Any CPU
		{7EA7B4C3-A18C-4B81-AA93-3EEE7DC05057}.Debug|Any CPU.Build.0 = Debug|Any CPU
		{7EA7B4C3-A18C-4B81-AA93-3EEE7DC05057}.Release|Any CPU.ActiveCfg = Release|Any CPU
		{7EA7B4C3-A18C-4B81-AA93-3EEE7DC05057}.Release|Any CPU.Build.0 = Release|Any CPU
		{2B025916-DB8C-44DF-8A4B-E97541F1CBCE}.Debug|Any CPU.ActiveCfg = Debug|Any CPU
		{2B025916-DB8C-44DF-8A4B-E97541F1CBCE}.Debug|Any CPU.Build.0 = Debug|Any CPU
		{2B025916-DB8C-44DF-8A4B-E97541F1CBCE}.Release|Any CPU.ActiveCfg = Release|Any CPU
		{2B025916-DB8C-44DF-8A4B-E97541F1CBCE}.Release|Any CPU.Build.0 = Release|Any CPU
		{160886C7-9122-4776-A755-1A1578F0DCEA}.Debug|Any CPU.ActiveCfg = Debug|Any CPU
		{160886C7-9122-4776-A755-1A1578F0DCEA}.Debug|Any CPU.Build.0 = Debug|Any CPU
		{160886C7-9122-4776-A755-1A1578F0DCEA}.Release|Any CPU.ActiveCfg = Release|Any CPU
		{160886C7-9122-4776-A755-1A1578F0DCEA}.Release|Any CPU.Build.0 = Release|Any CPU
		{66B49DCC-0CCA-4F1E-8C9A-23D2C7B2372D}.Debug|Any CPU.ActiveCfg = Debug|Any CPU
		{66B49DCC-0CCA-4F1E-8C9A-23D2C7B2372D}.Debug|Any CPU.Build.0 = Debug|Any CPU
		{66B49DCC-0CCA-4F1E-8C9A-23D2C7B2372D}.Release|Any CPU.ActiveCfg = Release|Any CPU
		{66B49DCC-0CCA-4F1E-8C9A-23D2C7B2372D}.Release|Any CPU.Build.0 = Release|Any CPU
		{9E22749F-7A75-4A82-B636-58256D63B47C}.Debug|Any CPU.ActiveCfg = Debug|Any CPU
		{9E22749F-7A75-4A82-B636-58256D63B47C}.Debug|Any CPU.Build.0 = Debug|Any CPU
		{9E22749F-7A75-4A82-B636-58256D63B47C}.Release|Any CPU.ActiveCfg = Release|Any CPU
		{9E22749F-7A75-4A82-B636-58256D63B47C}.Release|Any CPU.Build.0 = Release|Any CPU
		{0F9FE830-6879-487F-962C-3DF4703B8AF2}.Debug|Any CPU.ActiveCfg = Debug|Any CPU
		{0F9FE830-6879-487F-962C-3DF4703B8AF2}.Debug|Any CPU.Build.0 = Debug|Any CPU
		{0F9FE830-6879-487F-962C-3DF4703B8AF2}.Release|Any CPU.ActiveCfg = Release|Any CPU
		{0F9FE830-6879-487F-962C-3DF4703B8AF2}.Release|Any CPU.Build.0 = Release|Any CPU
		{BCE7D508-3F38-4436-91A8-8DADAF0615C4}.Debug|Any CPU.ActiveCfg = Debug|Any CPU
		{BCE7D508-3F38-4436-91A8-8DADAF0615C4}.Debug|Any CPU.Build.0 = Debug|Any CPU
		{BCE7D508-3F38-4436-91A8-8DADAF0615C4}.Release|Any CPU.ActiveCfg = Release|Any CPU
		{BCE7D508-3F38-4436-91A8-8DADAF0615C4}.Release|Any CPU.Build.0 = Release|Any CPU
		{B90E6DC1-3433-4236-867A-DF00F5083E06}.Debug|Any CPU.ActiveCfg = Debug|Any CPU
		{B90E6DC1-3433-4236-867A-DF00F5083E06}.Debug|Any CPU.Build.0 = Debug|Any CPU
		{B90E6DC1-3433-4236-867A-DF00F5083E06}.Release|Any CPU.ActiveCfg = Release|Any CPU
		{B90E6DC1-3433-4236-867A-DF00F5083E06}.Release|Any CPU.Build.0 = Release|Any CPU
		{10581B5C-C6EF-4953-A909-D3CC1491086B}.Debug|Any CPU.ActiveCfg = Debug|Any CPU
		{10581B5C-C6EF-4953-A909-D3CC1491086B}.Debug|Any CPU.Build.0 = Debug|Any CPU
		{10581B5C-C6EF-4953-A909-D3CC1491086B}.Release|Any CPU.ActiveCfg = Release|Any CPU
		{10581B5C-C6EF-4953-A909-D3CC1491086B}.Release|Any CPU.Build.0 = Release|Any CPU
	EndGlobalSection
	GlobalSection(SolutionProperties) = preSolution
		HideSolutionNode = FALSE
	EndGlobalSection
	GlobalSection(NestedProjects) = preSolution
		{CA1EA3CA-5139-4FBB-9EF6-692A9717741C} = {222757F2-0D37-4E4B-A95B-7048BCFFA03C}
		{3F3FBD5B-B906-45E1-8952-E5073D6CD3A4} = {222757F2-0D37-4E4B-A95B-7048BCFFA03C}
		{B54412CA-CE13-4810-8223-A0A16E0A1DFD} = {02EA681E-C7D8-13C7-8484-4AC65E1B71E8}
		{1CFDC713-8F20-495E-A17C-016D10B6E253} = {02EA681E-C7D8-13C7-8484-4AC65E1B71E8}
		{DC64B5FF-BA8F-4EAB-BFF0-2F4D1D8B8DCC} = {222757F2-0D37-4E4B-A95B-7048BCFFA03C}
		{AF64C985-2E40-4464-9779-CD12F3B2DE2D} = {AD7C1754-0D50-4B73-9B1F-6A7854E14DC0}
		{B8DAD3B4-6457-4EEA-B52B-11B68B0602CD} = {AD7C1754-0D50-4B73-9B1F-6A7854E14DC0}
		{061CD190-B3D7-4CFA-AD3E-16156C33F4FF} = {52D841DE-0E41-42EB-89D8-35C34AFB08D5}
		{9CB49F64-2F7E-4DEC-B408-241B215A34C8} = {222757F2-0D37-4E4B-A95B-7048BCFFA03C}
		{CF93A325-7F4D-4206-B945-6041778384C5} = {222757F2-0D37-4E4B-A95B-7048BCFFA03C}
		{5F5F62FB-8828-40E1-8788-381B2A49883D} = {222757F2-0D37-4E4B-A95B-7048BCFFA03C}
		{64FDAC71-50F8-4E6C-9AD5-27669E878AB4} = {27D8D06D-C2C9-47BC-BB5B-540260CC91EF}
		{C3E90AEA-C267-49C8-8D4E-94AE0F687630} = {C867F33D-08B3-4D3B-88E2-2CC899F6E571}
		{7EA7B4C3-A18C-4B81-AA93-3EEE7DC05057} = {C867F33D-08B3-4D3B-88E2-2CC899F6E571}
		{2B025916-DB8C-44DF-8A4B-E97541F1CBCE} = {C867F33D-08B3-4D3B-88E2-2CC899F6E571}
		{160886C7-9122-4776-A755-1A1578F0DCEA} = {C867F33D-08B3-4D3B-88E2-2CC899F6E571}
		{66B49DCC-0CCA-4F1E-8C9A-23D2C7B2372D} = {C867F33D-08B3-4D3B-88E2-2CC899F6E571}
		{9E22749F-7A75-4A82-B636-58256D63B47C} = {C867F33D-08B3-4D3B-88E2-2CC899F6E571}
		{0F9FE830-6879-487F-962C-3DF4703B8AF2} = {C867F33D-08B3-4D3B-88E2-2CC899F6E571}
	EndGlobalSection
	GlobalSection(ExtensibilityGlobals) = postSolution
		SolutionGuid = {D9D22103-398C-42E5-8401-284AD9ECDDC3}
	EndGlobalSection
EndGlobal
