
Microsoft Visual Studio Solution File, Format Version 12.00
# Visual Studio Version 17
VisualStudioVersion = 17.14.36811.4
MinimumVisualStudioVersion = 10.0.40219.1
Project("{F184B08F-C81C-45F6-A57F-5ABD9991F28F}") = "FluidResizer", "FluidResizer\FluidResizer.vbproj", "{CA1EA3CA-5139-4FBB-9EF6-692A9717741C}"
EndProject
Project("{2150E333-8FDC-42A3-9474-1A3956D46DE8}") = "Services", "Services", "{222757F2-0D37-4E4B-A95B-7048BCFFA03C}"
EndProject
Project("{F184B08F-C81C-45F6-A57F-5ABD9991F28F}") = "FirebaseService", "FirebaseService\FirebaseService.vbproj", "{3F3FBD5B-B906-45E1-8952-E5073D6CD3A4}"
EndProject
Project("{2150E333-8FDC-42A3-9474-1A3956D46DE8}") = "Helpers", "Helpers", "{02EA681E-C7D8-13C7-8484-4AC65E1B71E8}"
EndProject
Project("{F184B08F-C81C-45F6-A57F-5ABD9991F28F}") = "Helpers.Windows", "Helpers.Windows\Helpers.Windows.vbproj", "{B54412CA-CE13-4810-8223-A0A16E0A1DFD}"
EndProject
Project("{F184B08F-C81C-45F6-A57F-5ABD9991F28F}") = "Helpers", "Helpers\Helpers.vbproj", "{1CFDC713-8F20-495E-A17C-016D10B6E253}"
EndProject
Project("{2150E333-8FDC-42A3-9474-1A3956D46DE8}") = "Extensions", "Extensions", "{AD7C1754-0D50-4B73-9B1F-6A7854E14DC0}"
EndProject
Project("{F184B08F-C81C-45F6-A57F-5ABD9991F28F}") = "Extensions", "Extensions\Extensions.vbproj", "{AF64C985-2E40-4464-9779-CD12F3B2DE2D}"
EndProject
Project("{F184B08F-C81C-45F6-A57F-5ABD9991F28F}") = "Extensions.Windows", "Extensions.Windows\Extensions.Windows.vbproj", "{B8DAD3B4-6457-4EEA-B52B-11B68B0602CD}"
EndProject
Project("{F184B08F-C81C-45F6-A57F-5ABD9991F28F}") = "AsyncLoader", "AsyncLoader\AsyncLoader.vbproj", "{9CB49F64-2F7E-4DEC-B408-241B215A34C8}"
EndProject
Project("{F184B08F-C81C-45F6-A57F-5ABD9991F28F}") = "FileMerger", "FileMerger\FileMerger.vbproj", "{CF93A325-7F4D-4206-B945-6041778384C5}"
EndProject
Project("{F184B08F-C81C-45F6-A57F-5ABD9991F28F}") = "FileStateManager", "FileStateManager\FileStateManager.vbproj", "{5F5F62FB-8828-40E1-8788-381B2A49883D}"
EndProject
Project("{2150E333-8FDC-42A3-9474-1A3956D46DE8}") = "Infraestructure", "Infraestructure", "{27D8D06D-C2C9-47BC-BB5B-540260CC91EF}"
EndProject
Project("{F184B08F-C81C-45F6-A57F-5ABD9991F28F}") = "Locator", "Locator\Locator.vbproj", "{64FDAC71-50F8-4E6C-9AD5-27669E878AB4}"
EndProject
Project("{2150E333-8FDC-42A3-9474-1A3956D46DE8}") = "Controls", "Controls", "{C867F33D-08B3-4D3B-88E2-2CC899F6E571}"
EndProject
Project("{F184B08F-C81C-45F6-A57F-5ABD9991F28F}") = "AnimatedBox", "AnimatedBox\AnimatedBox.vbproj", "{C3E90AEA-C267-49C8-8D4E-94AE0F687630}"
EndProject
Project("{F184B08F-C81C-45F6-A57F-5ABD9991F28F}") = "CentralizedComboBox", "CentralizedComboBox\CentralizedComboBox.vbproj", "{7EA7B4C3-A18C-4B81-AA93-3EEE7DC05057}"
EndProject
Project("{F184B08F-C81C-45F6-A57F-5ABD9991F28F}") = "ColoredProgressBar", "ColoredProgressBar\ColoredProgressBar.vbproj", "{2B025916-DB8C-44DF-8A4B-E97541F1CBCE}"
EndProject
Project("{F184B08F-C81C-45F6-A57F-5ABD9991F28F}") = "CToolStripRender", "CToolStripRender\CToolStripRender.vbproj", "{160886C7-9122-4776-A755-1A1578F0DCEA}"
EndProject
Project("{F184B08F-C81C-45F6-A57F-5ABD9991F28F}") = "ToolStripCheckBox", "ToolStripCheckBox\ToolStripCheckBox.vbproj", "{0F9FE830-6879-487F-962C-3DF4703B8AF2}"
EndProject
Project("{F184B08F-C81C-45F6-A57F-5ABD9991F28F}") = "CMessageBox", "CMessageBox\CMessageBox.vbproj", "{BCE7D508-3F38-4436-91A8-8DADAF0615C4}"
EndProject
Project("{F184B08F-C81C-45F6-A57F-5ABD9991F28F}") = "NoFocusCueButton", "NoFocusCueButton\NoFocusCueButton.vbproj", "{B90E6DC1-3433-4236-867A-DF00F5083E06}"
EndProject
Project("{F184B08F-C81C-45F6-A57F-5ABD9991F28F}") = "ControlContainer", "ControlContainer\ControlContainer.vbproj", "{10581B5C-C6EF-4953-A909-D3CC1491086B}"
EndProject
Project("{F184B08F-C81C-45F6-A57F-5ABD9991F28F}") = "Connectivity", "Connectivity\Connectivity.vbproj", "{E914BDAF-937E-46C3-A821-15993C2A47CE}"
EndProject
Project("{F184B08F-C81C-45F6-A57F-5ABD9991F28F}") = "ColorPicker", "ColorPicker\ColorPicker.vbproj", "{70AEE50F-0BCE-4F6E-A3FD-E74B5A9A9213}"
EndProject
Project("{F184B08F-C81C-45F6-A57F-5ABD9991F28F}") = "ControlSlider", "ControlSlider\ControlSlider.vbproj", "{3B3813BC-83C4-41DF-99A1-C3E4B4473608}"
EndProject
Project("{F184B08F-C81C-45F6-A57F-5ABD9991F28F}") = "DataGridViewContentCopy", "DataGridViewContentCopy\DataGridViewContentCopy.vbproj", "{FBD3059C-1419-4153-B623-41E3A1D22E59}"
EndProject
Project("{F184B08F-C81C-45F6-A57F-5ABD9991F28F}") = "QueriedBox", "QueriedBox\QueriedBox.vbproj", "{4215A402-6E68-48CF-A60E-88FF42484B4D}"
EndProject
Project("{F184B08F-C81C-45F6-A57F-5ABD9991F28F}") = "Test", "Test\Test.vbproj", "{DD4A0D15-96D1-4DB5-A4E0-E45C5F0E977A}"
EndProject
Project("{F184B08F-C81C-45F6-A57F-5ABD9991F28F}") = "DataGridViewNavigator", "DataGridViewNavigator\DataGridViewNavigator.vbproj", "{DE540877-E86B-4825-B541-A3B3A7D653AB}"
EndProject
Project("{F184B08F-C81C-45F6-A57F-5ABD9991F28F}") = "DateBox", "DateBox\DateBox.vbproj", "{5DBB37C6-49AE-43A8-962B-3D59EF2A95D4}"
EndProject
Project("{F184B08F-C81C-45F6-A57F-5ABD9991F28F}") = "DataGridViewLayoutManager", "DataGridViewLayoutManager\DataGridViewLayoutManager.vbproj", "{064A91E7-67C4-4A07-BD8D-747E43CC184E}"
EndProject
Project("{F184B08F-C81C-45F6-A57F-5ABD9991F28F}") = "DecimalBox", "DecimalBox\DecimalBox.vbproj", "{6B3F8F00-C1A0-4C2B-9499-DE14397146F2}"
EndProject
Project("{F184B08F-C81C-45F6-A57F-5ABD9991F28F}") = "NumericBoxBase", "NumericBoxBase\NumericBoxBase.vbproj", "{C3190DF0-9491-479C-9160-C9D93FDC4155}"
EndProject
Project("{F184B08F-C81C-45F6-A57F-5ABD9991F28F}") = "PercentageBox", "PercentageBox\PercentageBox.vbproj", "{D935D304-897C-4B16-8D08-683956DE2855}"
EndProject
Project("{F184B08F-C81C-45F6-A57F-5ABD9991F28F}") = "CurrencyBox", "CurrencyBox\CurrencyBox.vbproj", "{249F1B90-56C2-4571-998D-E718305AB0D9}"
EndProject
Project("{F184B08F-C81C-45F6-A57F-5ABD9991F28F}") = "DateTimeBoxBase", "DateTimeBoxBase\DateTimeBoxBase.vbproj", "{B016E4D3-3FA2-4000-90F3-71D2F85D4A31}"
EndProject
Project("{F184B08F-C81C-45F6-A57F-5ABD9991F28F}") = "TimeBox", "TimeBox\TimeBox.vbproj", "{F0F6C860-0948-44F1-9434-0EFCB7D6B477}"
EndProject
Project("{F184B08F-C81C-45F6-A57F-5ABD9991F28F}") = "PictureViewer", "PictureViewer\PictureViewer.vbproj", "{6C412D58-A9C2-488F-B10E-020566902398}"
EndProject
Project("{F184B08F-C81C-45F6-A57F-5ABD9991F28F}") = "RichTextButton", "RichTextButton\RichTextButton.vbproj", "{D83C35C7-02E6-4664-9F5E-6989C3C1A342}"
EndProject
Project("{F184B08F-C81C-45F6-A57F-5ABD9991F28F}") = "Separator", "Separator\Separator.vbproj", "{C808A18E-D204-4A0D-B265-227C3A575B59}"
EndProject
Project("{F184B08F-C81C-45F6-A57F-5ABD9991F28F}") = "SplitButton", "SplitButton\SplitButton.vbproj", "{AA7BAC45-28D8-4FC5-987E-6120F8989A03}"
EndProject
Project("{F184B08F-C81C-45F6-A57F-5ABD9991F28F}") = "CodeCompiler", "CodeCompiler\CodeCompiler.vbproj", "{C9453AD9-D821-40D0-9ED5-B09044DCBA73}"
EndProject
Project("{F184B08F-C81C-45F6-A57F-5ABD9991F28F}") = "FileManager", "FileManager\FileManager.vbproj", "{2C9F038F-0C24-418B-9CA0-66D219C4685D}"
EndProject
Project("{F184B08F-C81C-45F6-A57F-5ABD9991F28F}") = "Cryptography", "Cryptography\Cryptography.vbproj", "{DE9F6BFB-AA0A-41F3-BC5A-0FF44C0DD8EC}"
EndProject
Project("{F184B08F-C81C-45F6-A57F-5ABD9991F28F}") = "Cryptography.Windows", "Cryptography.Windows\Cryptography.Windows.vbproj", "{7D8B124C-347B-4130-92FB-035FB7EBA3FF}"
EndProject
Project("{2150E333-8FDC-42A3-9474-1A3956D46DE8}") = "Source", "Source", "{E31109BB-4D69-4444-BA4C-0D2223BA9BF8}"
EndProject
Project("{2150E333-8FDC-42A3-9474-1A3956D46DE8}") = "Tests", "Tests", "{DF93CD7A-5997-487C-935F-945934FB2572}"
EndProject
Project("{F184B08F-C81C-45F6-A57F-5ABD9991F28F}") = "DateTimeBox", "DateTimeBox\DateTimeBox.vbproj", "{EE507820-4A92-4A01-9295-BEB8DAD6EE3A}"
EndProject
Project("{F184B08F-C81C-45F6-A57F-5ABD9991F28F}") = "DataGridViewFilterBox", "DataGridViewFilterBox\DataGridViewFilterBox.vbproj", "{E748E3D3-45D7-4500-B5BC-341989851817}"
EndProject
Project("{F184B08F-C81C-45F6-A57F-5ABD9991F28F}") = "ValidationProvider", "ValidationProvider\ValidationProvider.vbproj", "{A6E015FE-A527-4F5A-A423-D59DA405487F}"
EndProject
Project("{F184B08F-C81C-45F6-A57F-5ABD9991F28F}") = "AsyncLookupBox", "AsyncLookupBox\AsyncLookupBox.vbproj", "{2763B4D4-BA98-D1B6-6252-263FDF356415}"
EndProject
Project("{F184B08F-C81C-45F6-A57F-5ABD9991F28F}") = "TextBoxActionPanel", "TextBoxActionPanel\TextBoxActionPanel.vbproj", "{1986A332-FAB1-E76A-6061-ED00FD08658E}"
EndProject
Project("{F184B08F-C81C-45F6-A57F-5ABD9991F28F}") = "JsonFileStore", "JsonFileStore\JsonFileStore.vbproj", "{800A29CC-1D75-A1BC-1757-01DC95982CE4}"
EndProject
Project("{F184B08F-C81C-45F6-A57F-5ABD9991F28F}") = "ExceptionReporter", "ExceptionReporter\ExceptionReporter.vbproj", "{369D00CE-9425-250D-125D-D67890A430B8}"
EndProject
Project("{2150E333-8FDC-42A3-9474-1A3956D46DE8}") = "SolutionItems", "SolutionItems", "{380A7511-A354-6D7A-0CC0-8FA1F1BA7B6C}"
	ProjectSection(SolutionItems) = preProject
		.github\workflows\publish-nuget.yml = .github\workflows\publish-nuget.yml
		README.md = README.md
	EndProjectSection
EndProject
Project("{F184B08F-C81C-45F6-A57F-5ABD9991F28F}") = "BusyOverlay", "BusyOverlay\BusyOverlay.vbproj", "{3B8B96C2-B592-D21C-1830-9AF2F1291EBB}"
EndProject
Project("{F184B08F-C81C-45F6-A57F-5ABD9991F28F}") = "MySqlService", "MySqlService\MySqlService.vbproj", "{38468A29-B8F6-4E51-BCF8-FE3FFF01C58B}"
EndProject
Project("{F184B08F-C81C-45F6-A57F-5ABD9991F28F}") = "NavigationView", "NavigationView\NavigationView.vbproj", "{189AC859-DA57-411C-9CF6-D445D1B87371}"
EndProject
Global
	GlobalSection(SolutionConfigurationPlatforms) = preSolution
		Debug|Any CPU = Debug|Any CPU
		Release|Any CPU = Release|Any CPU
	EndGlobalSection
	GlobalSection(ProjectConfigurationPlatforms) = postSolution
		{CA1EA3CA-5139-4FBB-9EF6-692A9717741C}.Debug|Any CPU.ActiveCfg = Debug|Any CPU
		{CA1EA3CA-5139-4FBB-9EF6-692A9717741C}.Debug|Any CPU.Build.0 = Debug|Any CPU
		{CA1EA3CA-5139-4FBB-9EF6-692A9717741C}.Release|Any CPU.ActiveCfg = Release|Any CPU
		{CA1EA3CA-5139-4FBB-9EF6-692A9717741C}.Release|Any CPU.Build.0 = Release|Any CPU
		{3F3FBD5B-B906-45E1-8952-E5073D6CD3A4}.Debug|Any CPU.ActiveCfg = Debug|Any CPU
		{3F3FBD5B-B906-45E1-8952-E5073D6CD3A4}.Debug|Any CPU.Build.0 = Debug|Any CPU
		{3F3FBD5B-B906-45E1-8952-E5073D6CD3A4}.Release|Any CPU.ActiveCfg = Release|Any CPU
		{3F3FBD5B-B906-45E1-8952-E5073D6CD3A4}.Release|Any CPU.Build.0 = Release|Any CPU
		{B54412CA-CE13-4810-8223-A0A16E0A1DFD}.Debug|Any CPU.ActiveCfg = Debug|Any CPU
		{B54412CA-CE13-4810-8223-A0A16E0A1DFD}.Debug|Any CPU.Build.0 = Debug|Any CPU
		{B54412CA-CE13-4810-8223-A0A16E0A1DFD}.Release|Any CPU.ActiveCfg = Release|Any CPU
		{B54412CA-CE13-4810-8223-A0A16E0A1DFD}.Release|Any CPU.Build.0 = Release|Any CPU
		{1CFDC713-8F20-495E-A17C-016D10B6E253}.Debug|Any CPU.ActiveCfg = Debug|Any CPU
		{1CFDC713-8F20-495E-A17C-016D10B6E253}.Debug|Any CPU.Build.0 = Debug|Any CPU
		{1CFDC713-8F20-495E-A17C-016D10B6E253}.Release|Any CPU.ActiveCfg = Release|Any CPU
		{1CFDC713-8F20-495E-A17C-016D10B6E253}.Release|Any CPU.Build.0 = Release|Any CPU
		{AF64C985-2E40-4464-9779-CD12F3B2DE2D}.Debug|Any CPU.ActiveCfg = Debug|Any CPU
		{AF64C985-2E40-4464-9779-CD12F3B2DE2D}.Debug|Any CPU.Build.0 = Debug|Any CPU
		{AF64C985-2E40-4464-9779-CD12F3B2DE2D}.Release|Any CPU.ActiveCfg = Release|Any CPU
		{AF64C985-2E40-4464-9779-CD12F3B2DE2D}.Release|Any CPU.Build.0 = Release|Any CPU
		{B8DAD3B4-6457-4EEA-B52B-11B68B0602CD}.Debug|Any CPU.ActiveCfg = Debug|Any CPU
		{B8DAD3B4-6457-4EEA-B52B-11B68B0602CD}.Debug|Any CPU.Build.0 = Debug|Any CPU
		{B8DAD3B4-6457-4EEA-B52B-11B68B0602CD}.Release|Any CPU.ActiveCfg = Release|Any CPU
		{B8DAD3B4-6457-4EEA-B52B-11B68B0602CD}.Release|Any CPU.Build.0 = Release|Any CPU
		{9CB49F64-2F7E-4DEC-B408-241B215A34C8}.Debug|Any CPU.ActiveCfg = Debug|Any CPU
		{9CB49F64-2F7E-4DEC-B408-241B215A34C8}.Debug|Any CPU.Build.0 = Debug|Any CPU
		{9CB49F64-2F7E-4DEC-B408-241B215A34C8}.Release|Any CPU.ActiveCfg = Release|Any CPU
		{9CB49F64-2F7E-4DEC-B408-241B215A34C8}.Release|Any CPU.Build.0 = Release|Any CPU
		{CF93A325-7F4D-4206-B945-6041778384C5}.Debug|Any CPU.ActiveCfg = Debug|Any CPU
		{CF93A325-7F4D-4206-B945-6041778384C5}.Debug|Any CPU.Build.0 = Debug|Any CPU
		{CF93A325-7F4D-4206-B945-6041778384C5}.Release|Any CPU.ActiveCfg = Release|Any CPU
		{CF93A325-7F4D-4206-B945-6041778384C5}.Release|Any CPU.Build.0 = Release|Any CPU
		{5F5F62FB-8828-40E1-8788-381B2A49883D}.Debug|Any CPU.ActiveCfg = Debug|Any CPU
		{5F5F62FB-8828-40E1-8788-381B2A49883D}.Debug|Any CPU.Build.0 = Debug|Any CPU
		{5F5F62FB-8828-40E1-8788-381B2A49883D}.Release|Any CPU.ActiveCfg = Release|Any CPU
		{5F5F62FB-8828-40E1-8788-381B2A49883D}.Release|Any CPU.Build.0 = Release|Any CPU
		{64FDAC71-50F8-4E6C-9AD5-27669E878AB4}.Debug|Any CPU.ActiveCfg = Debug|Any CPU
		{64FDAC71-50F8-4E6C-9AD5-27669E878AB4}.Debug|Any CPU.Build.0 = Debug|Any CPU
		{64FDAC71-50F8-4E6C-9AD5-27669E878AB4}.Release|Any CPU.ActiveCfg = Release|Any CPU
		{64FDAC71-50F8-4E6C-9AD5-27669E878AB4}.Release|Any CPU.Build.0 = Release|Any CPU
		{C3E90AEA-C267-49C8-8D4E-94AE0F687630}.Debug|Any CPU.ActiveCfg = Debug|Any CPU
		{C3E90AEA-C267-49C8-8D4E-94AE0F687630}.Debug|Any CPU.Build.0 = Debug|Any CPU
		{C3E90AEA-C267-49C8-8D4E-94AE0F687630}.Release|Any CPU.ActiveCfg = Release|Any CPU
		{C3E90AEA-C267-49C8-8D4E-94AE0F687630}.Release|Any CPU.Build.0 = Release|Any CPU
		{7EA7B4C3-A18C-4B81-AA93-3EEE7DC05057}.Debug|Any CPU.ActiveCfg = Debug|Any CPU
		{7EA7B4C3-A18C-4B81-AA93-3EEE7DC05057}.Debug|Any CPU.Build.0 = Debug|Any CPU
		{7EA7B4C3-A18C-4B81-AA93-3EEE7DC05057}.Release|Any CPU.ActiveCfg = Release|Any CPU
		{7EA7B4C3-A18C-4B81-AA93-3EEE7DC05057}.Release|Any CPU.Build.0 = Release|Any CPU
		{2B025916-DB8C-44DF-8A4B-E97541F1CBCE}.Debug|Any CPU.ActiveCfg = Debug|Any CPU
		{2B025916-DB8C-44DF-8A4B-E97541F1CBCE}.Debug|Any CPU.Build.0 = Debug|Any CPU
		{2B025916-DB8C-44DF-8A4B-E97541F1CBCE}.Release|Any CPU.ActiveCfg = Release|Any CPU
		{2B025916-DB8C-44DF-8A4B-E97541F1CBCE}.Release|Any CPU.Build.0 = Release|Any CPU
		{160886C7-9122-4776-A755-1A1578F0DCEA}.Debug|Any CPU.ActiveCfg = Debug|Any CPU
		{160886C7-9122-4776-A755-1A1578F0DCEA}.Debug|Any CPU.Build.0 = Debug|Any CPU
		{160886C7-9122-4776-A755-1A1578F0DCEA}.Release|Any CPU.ActiveCfg = Release|Any CPU
		{160886C7-9122-4776-A755-1A1578F0DCEA}.Release|Any CPU.Build.0 = Release|Any CPU
		{0F9FE830-6879-487F-962C-3DF4703B8AF2}.Debug|Any CPU.ActiveCfg = Debug|Any CPU
		{0F9FE830-6879-487F-962C-3DF4703B8AF2}.Debug|Any CPU.Build.0 = Debug|Any CPU
		{0F9FE830-6879-487F-962C-3DF4703B8AF2}.Release|Any CPU.ActiveCfg = Release|Any CPU
		{0F9FE830-6879-487F-962C-3DF4703B8AF2}.Release|Any CPU.Build.0 = Release|Any CPU
		{BCE7D508-3F38-4436-91A8-8DADAF0615C4}.Debug|Any CPU.ActiveCfg = Debug|Any CPU
		{BCE7D508-3F38-4436-91A8-8DADAF0615C4}.Debug|Any CPU.Build.0 = Debug|Any CPU
		{BCE7D508-3F38-4436-91A8-8DADAF0615C4}.Release|Any CPU.ActiveCfg = Release|Any CPU
		{BCE7D508-3F38-4436-91A8-8DADAF0615C4}.Release|Any CPU.Build.0 = Release|Any CPU
		{B90E6DC1-3433-4236-867A-DF00F5083E06}.Debug|Any CPU.ActiveCfg = Debug|Any CPU
		{B90E6DC1-3433-4236-867A-DF00F5083E06}.Debug|Any CPU.Build.0 = Debug|Any CPU
		{B90E6DC1-3433-4236-867A-DF00F5083E06}.Release|Any CPU.ActiveCfg = Release|Any CPU
		{B90E6DC1-3433-4236-867A-DF00F5083E06}.Release|Any CPU.Build.0 = Release|Any CPU
		{10581B5C-C6EF-4953-A909-D3CC1491086B}.Debug|Any CPU.ActiveCfg = Debug|Any CPU
		{10581B5C-C6EF-4953-A909-D3CC1491086B}.Debug|Any CPU.Build.0 = Debug|Any CPU
		{10581B5C-C6EF-4953-A909-D3CC1491086B}.Release|Any CPU.ActiveCfg = Release|Any CPU
		{10581B5C-C6EF-4953-A909-D3CC1491086B}.Release|Any CPU.Build.0 = Release|Any CPU
		{E914BDAF-937E-46C3-A821-15993C2A47CE}.Debug|Any CPU.ActiveCfg = Debug|Any CPU
		{E914BDAF-937E-46C3-A821-15993C2A47CE}.Debug|Any CPU.Build.0 = Debug|Any CPU
		{E914BDAF-937E-46C3-A821-15993C2A47CE}.Release|Any CPU.ActiveCfg = Release|Any CPU
		{E914BDAF-937E-46C3-A821-15993C2A47CE}.Release|Any CPU.Build.0 = Release|Any CPU
		{70AEE50F-0BCE-4F6E-A3FD-E74B5A9A9213}.Debug|Any CPU.ActiveCfg = Debug|Any CPU
		{70AEE50F-0BCE-4F6E-A3FD-E74B5A9A9213}.Debug|Any CPU.Build.0 = Debug|Any CPU
		{70AEE50F-0BCE-4F6E-A3FD-E74B5A9A9213}.Release|Any CPU.ActiveCfg = Release|Any CPU
		{70AEE50F-0BCE-4F6E-A3FD-E74B5A9A9213}.Release|Any CPU.Build.0 = Release|Any CPU
		{3B3813BC-83C4-41DF-99A1-C3E4B4473608}.Debug|Any CPU.ActiveCfg = Debug|Any CPU
		{3B3813BC-83C4-41DF-99A1-C3E4B4473608}.Debug|Any CPU.Build.0 = Debug|Any CPU
		{3B3813BC-83C4-41DF-99A1-C3E4B4473608}.Release|Any CPU.ActiveCfg = Release|Any CPU
		{3B3813BC-83C4-41DF-99A1-C3E4B4473608}.Release|Any CPU.Build.0 = Release|Any CPU
		{FBD3059C-1419-4153-B623-41E3A1D22E59}.Debug|Any CPU.ActiveCfg = Debug|Any CPU
		{FBD3059C-1419-4153-B623-41E3A1D22E59}.Debug|Any CPU.Build.0 = Debug|Any CPU
		{FBD3059C-1419-4153-B623-41E3A1D22E59}.Release|Any CPU.ActiveCfg = Release|Any CPU
		{FBD3059C-1419-4153-B623-41E3A1D22E59}.Release|Any CPU.Build.0 = Release|Any CPU
		{4215A402-6E68-48CF-A60E-88FF42484B4D}.Debug|Any CPU.ActiveCfg = Debug|Any CPU
		{4215A402-6E68-48CF-A60E-88FF42484B4D}.Debug|Any CPU.Build.0 = Debug|Any CPU
		{4215A402-6E68-48CF-A60E-88FF42484B4D}.Release|Any CPU.ActiveCfg = Release|Any CPU
		{4215A402-6E68-48CF-A60E-88FF42484B4D}.Release|Any CPU.Build.0 = Release|Any CPU
		{DD4A0D15-96D1-4DB5-A4E0-E45C5F0E977A}.Debug|Any CPU.ActiveCfg = Debug|Any CPU
		{DD4A0D15-96D1-4DB5-A4E0-E45C5F0E977A}.Debug|Any CPU.Build.0 = Debug|Any CPU
		{DD4A0D15-96D1-4DB5-A4E0-E45C5F0E977A}.Release|Any CPU.ActiveCfg = Release|Any CPU
		{DD4A0D15-96D1-4DB5-A4E0-E45C5F0E977A}.Release|Any CPU.Build.0 = Release|Any CPU
		{DE540877-E86B-4825-B541-A3B3A7D653AB}.Debug|Any CPU.ActiveCfg = Debug|Any CPU
		{DE540877-E86B-4825-B541-A3B3A7D653AB}.Debug|Any CPU.Build.0 = Debug|Any CPU
		{DE540877-E86B-4825-B541-A3B3A7D653AB}.Release|Any CPU.ActiveCfg = Release|Any CPU
		{DE540877-E86B-4825-B541-A3B3A7D653AB}.Release|Any CPU.Build.0 = Release|Any CPU
		{5DBB37C6-49AE-43A8-962B-3D59EF2A95D4}.Debug|Any CPU.ActiveCfg = Debug|Any CPU
		{5DBB37C6-49AE-43A8-962B-3D59EF2A95D4}.Debug|Any CPU.Build.0 = Debug|Any CPU
		{5DBB37C6-49AE-43A8-962B-3D59EF2A95D4}.Release|Any CPU.ActiveCfg = Release|Any CPU
		{5DBB37C6-49AE-43A8-962B-3D59EF2A95D4}.Release|Any CPU.Build.0 = Release|Any CPU
		{064A91E7-67C4-4A07-BD8D-747E43CC184E}.Debug|Any CPU.ActiveCfg = Debug|Any CPU
		{064A91E7-67C4-4A07-BD8D-747E43CC184E}.Debug|Any CPU.Build.0 = Debug|Any CPU
		{064A91E7-67C4-4A07-BD8D-747E43CC184E}.Release|Any CPU.ActiveCfg = Release|Any CPU
		{064A91E7-67C4-4A07-BD8D-747E43CC184E}.Release|Any CPU.Build.0 = Release|Any CPU
		{6B3F8F00-C1A0-4C2B-9499-DE14397146F2}.Debug|Any CPU.ActiveCfg = Debug|Any CPU
		{6B3F8F00-C1A0-4C2B-9499-DE14397146F2}.Debug|Any CPU.Build.0 = Debug|Any CPU
		{6B3F8F00-C1A0-4C2B-9499-DE14397146F2}.Release|Any CPU.ActiveCfg = Release|Any CPU
		{6B3F8F00-C1A0-4C2B-9499-DE14397146F2}.Release|Any CPU.Build.0 = Release|Any CPU
		{C3190DF0-9491-479C-9160-C9D93FDC4155}.Debug|Any CPU.ActiveCfg = Debug|Any CPU
		{C3190DF0-9491-479C-9160-C9D93FDC4155}.Debug|Any CPU.Build.0 = Debug|Any CPU
		{C3190DF0-9491-479C-9160-C9D93FDC4155}.Release|Any CPU.ActiveCfg = Release|Any CPU
		{C3190DF0-9491-479C-9160-C9D93FDC4155}.Release|Any CPU.Build.0 = Release|Any CPU
		{D935D304-897C-4B16-8D08-683956DE2855}.Debug|Any CPU.ActiveCfg = Debug|Any CPU
		{D935D304-897C-4B16-8D08-683956DE2855}.Debug|Any CPU.Build.0 = Debug|Any CPU
		{D935D304-897C-4B16-8D08-683956DE2855}.Release|Any CPU.ActiveCfg = Release|Any CPU
		{D935D304-897C-4B16-8D08-683956DE2855}.Release|Any CPU.Build.0 = Release|Any CPU
		{249F1B90-56C2-4571-998D-E718305AB0D9}.Debug|Any CPU.ActiveCfg = Debug|Any CPU
		{249F1B90-56C2-4571-998D-E718305AB0D9}.Debug|Any CPU.Build.0 = Debug|Any CPU
		{249F1B90-56C2-4571-998D-E718305AB0D9}.Release|Any CPU.ActiveCfg = Release|Any CPU
		{249F1B90-56C2-4571-998D-E718305AB0D9}.Release|Any CPU.Build.0 = Release|Any CPU
		{B016E4D3-3FA2-4000-90F3-71D2F85D4A31}.Debug|Any CPU.ActiveCfg = Debug|Any CPU
		{B016E4D3-3FA2-4000-90F3-71D2F85D4A31}.Debug|Any CPU.Build.0 = Debug|Any CPU
		{B016E4D3-3FA2-4000-90F3-71D2F85D4A31}.Release|Any CPU.ActiveCfg = Release|Any CPU
		{B016E4D3-3FA2-4000-90F3-71D2F85D4A31}.Release|Any CPU.Build.0 = Release|Any CPU
		{F0F6C860-0948-44F1-9434-0EFCB7D6B477}.Debug|Any CPU.ActiveCfg = Debug|Any CPU
		{F0F6C860-0948-44F1-9434-0EFCB7D6B477}.Debug|Any CPU.Build.0 = Debug|Any CPU
		{F0F6C860-0948-44F1-9434-0EFCB7D6B477}.Release|Any CPU.ActiveCfg = Release|Any CPU
		{F0F6C860-0948-44F1-9434-0EFCB7D6B477}.Release|Any CPU.Build.0 = Release|Any CPU
		{6C412D58-A9C2-488F-B10E-020566902398}.Debug|Any CPU.ActiveCfg = Debug|Any CPU
		{6C412D58-A9C2-488F-B10E-020566902398}.Debug|Any CPU.Build.0 = Debug|Any CPU
		{6C412D58-A9C2-488F-B10E-020566902398}.Release|Any CPU.ActiveCfg = Release|Any CPU
		{6C412D58-A9C2-488F-B10E-020566902398}.Release|Any CPU.Build.0 = Release|Any CPU
		{D83C35C7-02E6-4664-9F5E-6989C3C1A342}.Debug|Any CPU.ActiveCfg = Debug|Any CPU
		{D83C35C7-02E6-4664-9F5E-6989C3C1A342}.Debug|Any CPU.Build.0 = Debug|Any CPU
		{D83C35C7-02E6-4664-9F5E-6989C3C1A342}.Release|Any CPU.ActiveCfg = Release|Any CPU
		{D83C35C7-02E6-4664-9F5E-6989C3C1A342}.Release|Any CPU.Build.0 = Release|Any CPU
		{C808A18E-D204-4A0D-B265-227C3A575B59}.Debug|Any CPU.ActiveCfg = Debug|Any CPU
		{C808A18E-D204-4A0D-B265-227C3A575B59}.Debug|Any CPU.Build.0 = Debug|Any CPU
		{C808A18E-D204-4A0D-B265-227C3A575B59}.Release|Any CPU.ActiveCfg = Release|Any CPU
		{C808A18E-D204-4A0D-B265-227C3A575B59}.Release|Any CPU.Build.0 = Release|Any CPU
		{AA7BAC45-28D8-4FC5-987E-6120F8989A03}.Debug|Any CPU.ActiveCfg = Debug|Any CPU
		{AA7BAC45-28D8-4FC5-987E-6120F8989A03}.Debug|Any CPU.Build.0 = Debug|Any CPU
		{AA7BAC45-28D8-4FC5-987E-6120F8989A03}.Release|Any CPU.ActiveCfg = Release|Any CPU
		{AA7BAC45-28D8-4FC5-987E-6120F8989A03}.Release|Any CPU.Build.0 = Release|Any CPU
		{C9453AD9-D821-40D0-9ED5-B09044DCBA73}.Debug|Any CPU.ActiveCfg = Debug|Any CPU
		{C9453AD9-D821-40D0-9ED5-B09044DCBA73}.Debug|Any CPU.Build.0 = Debug|Any CPU
		{C9453AD9-D821-40D0-9ED5-B09044DCBA73}.Release|Any CPU.ActiveCfg = Release|Any CPU
		{C9453AD9-D821-40D0-9ED5-B09044DCBA73}.Release|Any CPU.Build.0 = Release|Any CPU
		{2C9F038F-0C24-418B-9CA0-66D219C4685D}.Debug|Any CPU.ActiveCfg = Debug|Any CPU
		{2C9F038F-0C24-418B-9CA0-66D219C4685D}.Debug|Any CPU.Build.0 = Debug|Any CPU
		{2C9F038F-0C24-418B-9CA0-66D219C4685D}.Release|Any CPU.ActiveCfg = Release|Any CPU
		{2C9F038F-0C24-418B-9CA0-66D219C4685D}.Release|Any CPU.Build.0 = Release|Any CPU
		{DE9F6BFB-AA0A-41F3-BC5A-0FF44C0DD8EC}.Debug|Any CPU.ActiveCfg = Debug|Any CPU
		{DE9F6BFB-AA0A-41F3-BC5A-0FF44C0DD8EC}.Debug|Any CPU.Build.0 = Debug|Any CPU
		{DE9F6BFB-AA0A-41F3-BC5A-0FF44C0DD8EC}.Release|Any CPU.ActiveCfg = Release|Any CPU
		{DE9F6BFB-AA0A-41F3-BC5A-0FF44C0DD8EC}.Release|Any CPU.Build.0 = Release|Any CPU
		{7D8B124C-347B-4130-92FB-035FB7EBA3FF}.Debug|Any CPU.ActiveCfg = Debug|Any CPU
		{7D8B124C-347B-4130-92FB-035FB7EBA3FF}.Debug|Any CPU.Build.0 = Debug|Any CPU
		{7D8B124C-347B-4130-92FB-035FB7EBA3FF}.Release|Any CPU.ActiveCfg = Release|Any CPU
		{7D8B124C-347B-4130-92FB-035FB7EBA3FF}.Release|Any CPU.Build.0 = Release|Any CPU
		{EE507820-4A92-4A01-9295-BEB8DAD6EE3A}.Debug|Any CPU.ActiveCfg = Debug|Any CPU
		{EE507820-4A92-4A01-9295-BEB8DAD6EE3A}.Debug|Any CPU.Build.0 = Debug|Any CPU
		{EE507820-4A92-4A01-9295-BEB8DAD6EE3A}.Release|Any CPU.ActiveCfg = Release|Any CPU
		{EE507820-4A92-4A01-9295-BEB8DAD6EE3A}.Release|Any CPU.Build.0 = Release|Any CPU
		{E748E3D3-45D7-4500-B5BC-341989851817}.Debug|Any CPU.ActiveCfg = Debug|Any CPU
		{E748E3D3-45D7-4500-B5BC-341989851817}.Debug|Any CPU.Build.0 = Debug|Any CPU
		{E748E3D3-45D7-4500-B5BC-341989851817}.Release|Any CPU.ActiveCfg = Release|Any CPU
		{E748E3D3-45D7-4500-B5BC-341989851817}.Release|Any CPU.Build.0 = Release|Any CPU
		{A6E015FE-A527-4F5A-A423-D59DA405487F}.Debug|Any CPU.ActiveCfg = Debug|Any CPU
		{A6E015FE-A527-4F5A-A423-D59DA405487F}.Debug|Any CPU.Build.0 = Debug|Any CPU
		{A6E015FE-A527-4F5A-A423-D59DA405487F}.Release|Any CPU.ActiveCfg = Release|Any CPU
		{A6E015FE-A527-4F5A-A423-D59DA405487F}.Release|Any CPU.Build.0 = Release|Any CPU
		{2763B4D4-BA98-D1B6-6252-263FDF356415}.Debug|Any CPU.ActiveCfg = Debug|Any CPU
		{2763B4D4-BA98-D1B6-6252-263FDF356415}.Debug|Any CPU.Build.0 = Debug|Any CPU
		{2763B4D4-BA98-D1B6-6252-263FDF356415}.Release|Any CPU.ActiveCfg = Release|Any CPU
		{2763B4D4-BA98-D1B6-6252-263FDF356415}.Release|Any CPU.Build.0 = Release|Any CPU
		{1986A332-FAB1-E76A-6061-ED00FD08658E}.Debug|Any CPU.ActiveCfg = Debug|Any CPU
		{1986A332-FAB1-E76A-6061-ED00FD08658E}.Debug|Any CPU.Build.0 = Debug|Any CPU
		{1986A332-FAB1-E76A-6061-ED00FD08658E}.Release|Any CPU.ActiveCfg = Release|Any CPU
		{1986A332-FAB1-E76A-6061-ED00FD08658E}.Release|Any CPU.Build.0 = Release|Any CPU
		{800A29CC-1D75-A1BC-1757-01DC95982CE4}.Debug|Any CPU.ActiveCfg = Debug|Any CPU
		{800A29CC-1D75-A1BC-1757-01DC95982CE4}.Debug|Any CPU.Build.0 = Debug|Any CPU
		{800A29CC-1D75-A1BC-1757-01DC95982CE4}.Release|Any CPU.ActiveCfg = Release|Any CPU
		{800A29CC-1D75-A1BC-1757-01DC95982CE4}.Release|Any CPU.Build.0 = Release|Any CPU
		{369D00CE-9425-250D-125D-D67890A430B8}.Debug|Any CPU.ActiveCfg = Debug|Any CPU
		{369D00CE-9425-250D-125D-D67890A430B8}.Debug|Any CPU.Build.0 = Debug|Any CPU
		{369D00CE-9425-250D-125D-D67890A430B8}.Release|Any CPU.ActiveCfg = Release|Any CPU
		{369D00CE-9425-250D-125D-D67890A430B8}.Release|Any CPU.Build.0 = Release|Any CPU
		{3B8B96C2-B592-D21C-1830-9AF2F1291EBB}.Debug|Any CPU.ActiveCfg = Debug|Any CPU
		{3B8B96C2-B592-D21C-1830-9AF2F1291EBB}.Debug|Any CPU.Build.0 = Debug|Any CPU
		{3B8B96C2-B592-D21C-1830-9AF2F1291EBB}.Release|Any CPU.ActiveCfg = Release|Any CPU
		{3B8B96C2-B592-D21C-1830-9AF2F1291EBB}.Release|Any CPU.Build.0 = Release|Any CPU
		{38468A29-B8F6-4E51-BCF8-FE3FFF01C58B}.Debug|Any CPU.ActiveCfg = Debug|Any CPU
		{38468A29-B8F6-4E51-BCF8-FE3FFF01C58B}.Debug|Any CPU.Build.0 = Debug|Any CPU
		{38468A29-B8F6-4E51-BCF8-FE3FFF01C58B}.Release|Any CPU.ActiveCfg = Release|Any CPU
		{38468A29-B8F6-4E51-BCF8-FE3FFF01C58B}.Release|Any CPU.Build.0 = Release|Any CPU
		{189AC859-DA57-411C-9CF6-D445D1B87371}.Debug|Any CPU.ActiveCfg = Debug|Any CPU
		{189AC859-DA57-411C-9CF6-D445D1B87371}.Debug|Any CPU.Build.0 = Debug|Any CPU
		{189AC859-DA57-411C-9CF6-D445D1B87371}.Release|Any CPU.ActiveCfg = Release|Any CPU
		{189AC859-DA57-411C-9CF6-D445D1B87371}.Release|Any CPU.Build.0 = Release|Any CPU
	EndGlobalSection
	GlobalSection(SolutionProperties) = preSolution
		HideSolutionNode = FALSE
	EndGlobalSection
	GlobalSection(NestedProjects) = preSolution
		{CA1EA3CA-5139-4FBB-9EF6-692A9717741C} = {C867F33D-08B3-4D3B-88E2-2CC899F6E571}
		{222757F2-0D37-4E4B-A95B-7048BCFFA03C} = {E31109BB-4D69-4444-BA4C-0D2223BA9BF8}
		{3F3FBD5B-B906-45E1-8952-E5073D6CD3A4} = {222757F2-0D37-4E4B-A95B-7048BCFFA03C}
		{02EA681E-C7D8-13C7-8484-4AC65E1B71E8} = {E31109BB-4D69-4444-BA4C-0D2223BA9BF8}
		{B54412CA-CE13-4810-8223-A0A16E0A1DFD} = {02EA681E-C7D8-13C7-8484-4AC65E1B71E8}
		{1CFDC713-8F20-495E-A17C-016D10B6E253} = {02EA681E-C7D8-13C7-8484-4AC65E1B71E8}
		{AD7C1754-0D50-4B73-9B1F-6A7854E14DC0} = {E31109BB-4D69-4444-BA4C-0D2223BA9BF8}
		{AF64C985-2E40-4464-9779-CD12F3B2DE2D} = {AD7C1754-0D50-4B73-9B1F-6A7854E14DC0}
		{B8DAD3B4-6457-4EEA-B52B-11B68B0602CD} = {AD7C1754-0D50-4B73-9B1F-6A7854E14DC0}
		{9CB49F64-2F7E-4DEC-B408-241B215A34C8} = {222757F2-0D37-4E4B-A95B-7048BCFFA03C}
		{CF93A325-7F4D-4206-B945-6041778384C5} = {222757F2-0D37-4E4B-A95B-7048BCFFA03C}
		{5F5F62FB-8828-40E1-8788-381B2A49883D} = {222757F2-0D37-4E4B-A95B-7048BCFFA03C}
		{27D8D06D-C2C9-47BC-BB5B-540260CC91EF} = {E31109BB-4D69-4444-BA4C-0D2223BA9BF8}
		{64FDAC71-50F8-4E6C-9AD5-27669E878AB4} = {27D8D06D-C2C9-47BC-BB5B-540260CC91EF}
		{C867F33D-08B3-4D3B-88E2-2CC899F6E571} = {E31109BB-4D69-4444-BA4C-0D2223BA9BF8}
		{C3E90AEA-C267-49C8-8D4E-94AE0F687630} = {C867F33D-08B3-4D3B-88E2-2CC899F6E571}
		{7EA7B4C3-A18C-4B81-AA93-3EEE7DC05057} = {C867F33D-08B3-4D3B-88E2-2CC899F6E571}
		{2B025916-DB8C-44DF-8A4B-E97541F1CBCE} = {C867F33D-08B3-4D3B-88E2-2CC899F6E571}
		{160886C7-9122-4776-A755-1A1578F0DCEA} = {C867F33D-08B3-4D3B-88E2-2CC899F6E571}
		{0F9FE830-6879-487F-962C-3DF4703B8AF2} = {C867F33D-08B3-4D3B-88E2-2CC899F6E571}
		{BCE7D508-3F38-4436-91A8-8DADAF0615C4} = {C867F33D-08B3-4D3B-88E2-2CC899F6E571}
		{B90E6DC1-3433-4236-867A-DF00F5083E06} = {C867F33D-08B3-4D3B-88E2-2CC899F6E571}
		{10581B5C-C6EF-4953-A909-D3CC1491086B} = {C867F33D-08B3-4D3B-88E2-2CC899F6E571}
		{E914BDAF-937E-46C3-A821-15993C2A47CE} = {222757F2-0D37-4E4B-A95B-7048BCFFA03C}
		{70AEE50F-0BCE-4F6E-A3FD-E74B5A9A9213} = {C867F33D-08B3-4D3B-88E2-2CC899F6E571}
		{3B3813BC-83C4-41DF-99A1-C3E4B4473608} = {C867F33D-08B3-4D3B-88E2-2CC899F6E571}
		{FBD3059C-1419-4153-B623-41E3A1D22E59} = {C867F33D-08B3-4D3B-88E2-2CC899F6E571}
		{4215A402-6E68-48CF-A60E-88FF42484B4D} = {C867F33D-08B3-4D3B-88E2-2CC899F6E571}
		{DD4A0D15-96D1-4DB5-A4E0-E45C5F0E977A} = {DF93CD7A-5997-487C-935F-945934FB2572}
		{DE540877-E86B-4825-B541-A3B3A7D653AB} = {C867F33D-08B3-4D3B-88E2-2CC899F6E571}
		{5DBB37C6-49AE-43A8-962B-3D59EF2A95D4} = {C867F33D-08B3-4D3B-88E2-2CC899F6E571}
		{064A91E7-67C4-4A07-BD8D-747E43CC184E} = {C867F33D-08B3-4D3B-88E2-2CC899F6E571}
		{6B3F8F00-C1A0-4C2B-9499-DE14397146F2} = {C867F33D-08B3-4D3B-88E2-2CC899F6E571}
		{C3190DF0-9491-479C-9160-C9D93FDC4155} = {C867F33D-08B3-4D3B-88E2-2CC899F6E571}
		{D935D304-897C-4B16-8D08-683956DE2855} = {C867F33D-08B3-4D3B-88E2-2CC899F6E571}
		{249F1B90-56C2-4571-998D-E718305AB0D9} = {C867F33D-08B3-4D3B-88E2-2CC899F6E571}
		{B016E4D3-3FA2-4000-90F3-71D2F85D4A31} = {C867F33D-08B3-4D3B-88E2-2CC899F6E571}
		{F0F6C860-0948-44F1-9434-0EFCB7D6B477} = {C867F33D-08B3-4D3B-88E2-2CC899F6E571}
		{6C412D58-A9C2-488F-B10E-020566902398} = {C867F33D-08B3-4D3B-88E2-2CC899F6E571}
		{D83C35C7-02E6-4664-9F5E-6989C3C1A342} = {C867F33D-08B3-4D3B-88E2-2CC899F6E571}
		{C808A18E-D204-4A0D-B265-227C3A575B59} = {C867F33D-08B3-4D3B-88E2-2CC899F6E571}
		{AA7BAC45-28D8-4FC5-987E-6120F8989A03} = {C867F33D-08B3-4D3B-88E2-2CC899F6E571}
		{C9453AD9-D821-40D0-9ED5-B09044DCBA73} = {222757F2-0D37-4E4B-A95B-7048BCFFA03C}
		{2C9F038F-0C24-418B-9CA0-66D219C4685D} = {222757F2-0D37-4E4B-A95B-7048BCFFA03C}
		{DE9F6BFB-AA0A-41F3-BC5A-0FF44C0DD8EC} = {222757F2-0D37-4E4B-A95B-7048BCFFA03C}
		{7D8B124C-347B-4130-92FB-035FB7EBA3FF} = {222757F2-0D37-4E4B-A95B-7048BCFFA03C}
		{EE507820-4A92-4A01-9295-BEB8DAD6EE3A} = {C867F33D-08B3-4D3B-88E2-2CC899F6E571}
		{E748E3D3-45D7-4500-B5BC-341989851817} = {C867F33D-08B3-4D3B-88E2-2CC899F6E571}
		{A6E015FE-A527-4F5A-A423-D59DA405487F} = {C867F33D-08B3-4D3B-88E2-2CC899F6E571}
		{2763B4D4-BA98-D1B6-6252-263FDF356415} = {C867F33D-08B3-4D3B-88E2-2CC899F6E571}
		{1986A332-FAB1-E76A-6061-ED00FD08658E} = {C867F33D-08B3-4D3B-88E2-2CC899F6E571}
		{800A29CC-1D75-A1BC-1757-01DC95982CE4} = {222757F2-0D37-4E4B-A95B-7048BCFFA03C}
		{369D00CE-9425-250D-125D-D67890A430B8} = {222757F2-0D37-4E4B-A95B-7048BCFFA03C}
		{3B8B96C2-B592-D21C-1830-9AF2F1291EBB} = {C867F33D-08B3-4D3B-88E2-2CC899F6E571}
		{38468A29-B8F6-4E51-BCF8-FE3FFF01C58B} = {222757F2-0D37-4E4B-A95B-7048BCFFA03C}
		{189AC859-DA57-411C-9CF6-D445D1B87371} = {C867F33D-08B3-4D3B-88E2-2CC899F6E571}
	EndGlobalSection
	GlobalSection(ExtensibilityGlobals) = postSolution
		SolutionGuid = {D9D22103-398C-42E5-8401-284AD9ECDDC3}
	EndGlobalSection
EndGlobal
