
Microsoft Visual Studio Solution File, Format Version 12.00
# Visual Studio Version 17
VisualStudioVersion = 17.14.36811.4
MinimumVisualStudioVersion = 10.0.40219.1
Project("{F184B08F-C81C-45F6-A57F-5ABD9991F28F}") = "AsyncLoader", "AsyncLoader\AsyncLoader.vbproj", "{94BF6DB6-2F49-472A-9A57-387208BB0B39}"
	ProjectSection(ProjectDependencies) = postProject
		{389D24DE-863A-4694-AE30-827E53E0A441} = {389D24DE-863A-4694-AE30-827E53E0A441}
	EndProjectSection
EndProject
Project("{F184B08F-C81C-45F6-A57F-5ABD9991F28F}") = "FirebaseService", "FirebaseService\FirebaseService.vbproj", "{17A2155E-D5B0-4C07-823F-42DA606BC5FC}"
	ProjectSection(ProjectDependencies) = postProject
		{389D24DE-863A-4694-AE30-827E53E0A441} = {389D24DE-863A-4694-AE30-827E53E0A441}
	EndProjectSection
EndProject
Project("{F184B08F-C81C-45F6-A57F-5ABD9991F28F}") = "MySqlService", "MySqlService\MySqlService.vbproj", "{BD4FC9AD-785A-43EB-8795-E4B6FA09338C}"
EndProject
Project("{F184B08F-C81C-45F6-A57F-5ABD9991F28F}") = "AnimatedBox", "AnimatedBox\AnimatedBox.vbproj", "{F787211D-B020-49A4-A470-1F82C2787059}"
EndProject
Project("{2150E333-8FDC-42A3-9474-1A3956D46DE8}") = "Services", "Services", "{02EA681E-C7D8-13C7-8484-4AC65E1B71E8}"
EndProject
Project("{2150E333-8FDC-42A3-9474-1A3956D46DE8}") = "Controls", "Controls", "{449F1DDD-0D88-4E63-B9B1-D3214BBA4E5C}"
EndProject
Project("{2150E333-8FDC-42A3-9474-1A3956D46DE8}") = "Helpers", "Helpers", "{8049B2F0-C291-4A56-9766-E65D09BAA436}"
EndProject
Project("{F184B08F-C81C-45F6-A57F-5ABD9991F28F}") = "Helpers", "Helpers\Helpers.vbproj", "{389D24DE-863A-4694-AE30-827E53E0A441}"
EndProject
Project("{F184B08F-C81C-45F6-A57F-5ABD9991F28F}") = "Test", "Test\Test.vbproj", "{DE5F49AD-067D-476D-93ED-56944E3772DC}"
	ProjectSection(ProjectDependencies) = postProject
		{039D0D2F-663F-414A-9C7E-32C715DB5499} = {039D0D2F-663F-414A-9C7E-32C715DB5499}
		{089C4BD3-03B9-4D5B-8454-2D7D2B9A295C} = {089C4BD3-03B9-4D5B-8454-2D7D2B9A295C}
		{11AEBCB1-BC37-476E-993D-D4FD50D8E249} = {11AEBCB1-BC37-476E-993D-D4FD50D8E249}
		{17A2155E-D5B0-4C07-823F-42DA606BC5FC} = {17A2155E-D5B0-4C07-823F-42DA606BC5FC}
		{258397CE-740F-4FE7-BD9D-FC00EAA3597D} = {258397CE-740F-4FE7-BD9D-FC00EAA3597D}
		{2A4C54D6-16E3-4EC3-BABB-9D8615B339C7} = {2A4C54D6-16E3-4EC3-BABB-9D8615B339C7}
		{33B30BBF-49E5-4FDD-BD2E-AD82662FE9B1} = {33B30BBF-49E5-4FDD-BD2E-AD82662FE9B1}
		{389D24DE-863A-4694-AE30-827E53E0A441} = {389D24DE-863A-4694-AE30-827E53E0A441}
		{41774A8F-7DEA-4201-BACA-C1C7A5EE0820} = {41774A8F-7DEA-4201-BACA-C1C7A5EE0820}
		{42F64474-EF13-4EE7-82A4-D9FE8E094100} = {42F64474-EF13-4EE7-82A4-D9FE8E094100}
		{46425FB1-038F-44AB-8D0B-B8F850BE8115} = {46425FB1-038F-44AB-8D0B-B8F850BE8115}
		{46D9EA37-C3DB-4D34-B836-C8F2DDE049F5} = {46D9EA37-C3DB-4D34-B836-C8F2DDE049F5}
		{4E50AE3A-9B71-4EAF-A24E-1C2F3F10E565} = {4E50AE3A-9B71-4EAF-A24E-1C2F3F10E565}
		{4EA0B897-735A-4A48-BCB8-5414D1AE9678} = {4EA0B897-735A-4A48-BCB8-5414D1AE9678}
		{4FA4F563-6ABF-4A76-88CB-8AFBBEDE91C0} = {4FA4F563-6ABF-4A76-88CB-8AFBBEDE91C0}
		{5139C399-E48D-4437-A875-E6CB6891BC5F} = {5139C399-E48D-4437-A875-E6CB6891BC5F}
		{546C0AE7-7AE7-4D55-92EC-1D29AF6CF5E4} = {546C0AE7-7AE7-4D55-92EC-1D29AF6CF5E4}
		{56E65443-AC66-480A-9FCF-1D4A69657EED} = {56E65443-AC66-480A-9FCF-1D4A69657EED}
		{61E8F2C4-1722-40A1-B4CB-A17797C6E126} = {61E8F2C4-1722-40A1-B4CB-A17797C6E126}
		{6DCBE5A0-EADA-424F-8C6F-3E916AF250AA} = {6DCBE5A0-EADA-424F-8C6F-3E916AF250AA}
		{76601642-D2D5-4CBD-B043-1BA889C7BED2} = {76601642-D2D5-4CBD-B043-1BA889C7BED2}
		{7D2DBC5C-CB41-42B5-B2D1-A9EF49C05695} = {7D2DBC5C-CB41-42B5-B2D1-A9EF49C05695}
		{8C2D0739-6E2E-4F3C-808F-E346EBC81686} = {8C2D0739-6E2E-4F3C-808F-E346EBC81686}
		{9083A352-4B48-40F2-8C53-53AA1E9C6734} = {9083A352-4B48-40F2-8C53-53AA1E9C6734}
		{94BF6DB6-2F49-472A-9A57-387208BB0B39} = {94BF6DB6-2F49-472A-9A57-387208BB0B39}
		{9526A607-7684-4A0B-BD57-B379A7661D46} = {9526A607-7684-4A0B-BD57-B379A7661D46}
		{95C2B601-E908-417F-B9AD-9C5F159962F6} = {95C2B601-E908-417F-B9AD-9C5F159962F6}
		{98EF6383-788F-48AB-B9DA-B6D615C71EBA} = {98EF6383-788F-48AB-B9DA-B6D615C71EBA}
		{9A0C231B-1F8D-456B-98AE-ADB8E3888744} = {9A0C231B-1F8D-456B-98AE-ADB8E3888744}
		{AB6153FF-F023-4EB4-84AD-D500F9298A15} = {AB6153FF-F023-4EB4-84AD-D500F9298A15}
		{BD358D5B-6F9B-4DBD-AA75-96F0125E1925} = {BD358D5B-6F9B-4DBD-AA75-96F0125E1925}
		{BD4FC9AD-785A-43EB-8795-E4B6FA09338C} = {BD4FC9AD-785A-43EB-8795-E4B6FA09338C}
		{C64B9B56-5867-4D8D-9E8A-00B9676120E1} = {C64B9B56-5867-4D8D-9E8A-00B9676120E1}
		{DAFC0888-C795-4BBF-9599-99D331F320FE} = {DAFC0888-C795-4BBF-9599-99D331F320FE}
		{F787211D-B020-49A4-A470-1F82C2787059} = {F787211D-B020-49A4-A470-1F82C2787059}
		{FC7FB6B0-8CFC-40CC-8A54-AE4C87C9CA11} = {FC7FB6B0-8CFC-40CC-8A54-AE4C87C9CA11}
	EndProjectSection
EndProject
Project("{2150E333-8FDC-42A3-9474-1A3956D46DE8}") = "Attributes", "Attributes", "{4FFC4AC6-A7A6-47B1-86A5-252A1BB23D32}"
EndProject
Project("{F184B08F-C81C-45F6-A57F-5ABD9991F28F}") = "Attributes", "Attributes\Attributes.vbproj", "{46D9EA37-C3DB-4D34-B836-C8F2DDE049F5}"
EndProject
Project("{2150E333-8FDC-42A3-9474-1A3956D46DE8}") = "Extensions", "Extensions", "{3242EC2F-289A-498A-A02D-815D23670F14}"
EndProject
Project("{F184B08F-C81C-45F6-A57F-5ABD9991F28F}") = "Extensions", "Extensions\Extensions.vbproj", "{A4369EF7-1E52-4690-AD75-396E3F6630EF}"
	ProjectSection(ProjectDependencies) = postProject
		{389D24DE-863A-4694-AE30-827E53E0A441} = {389D24DE-863A-4694-AE30-827E53E0A441}
		{46D9EA37-C3DB-4D34-B836-C8F2DDE049F5} = {46D9EA37-C3DB-4D34-B836-C8F2DDE049F5}
	EndProjectSection
EndProject
Project("{2150E333-8FDC-42A3-9474-1A3956D46DE8}") = "Undocumented", "Undocumented", "{D60DA386-54B6-458C-81A7-194DEE108E08}"
EndProject
Project("{F184B08F-C81C-45F6-A57F-5ABD9991F28F}") = "CMessageBox", "CMessageBox\CMessageBox.vbproj", "{5139C399-E48D-4437-A875-E6CB6891BC5F}"
	ProjectSection(ProjectDependencies) = postProject
		{42F64474-EF13-4EE7-82A4-D9FE8E094100} = {42F64474-EF13-4EE7-82A4-D9FE8E094100}
	EndProjectSection
EndProject
Project("{F184B08F-C81C-45F6-A57F-5ABD9991F28F}") = "ControlContainer", "ControlContainer\ControlContainer.vbproj", "{42F64474-EF13-4EE7-82A4-D9FE8E094100}"
EndProject
Project("{F184B08F-C81C-45F6-A57F-5ABD9991F28F}") = "CodeCompiler", "CodeCompiler\CodeCompiler.vbproj", "{2A4C54D6-16E3-4EC3-BABB-9D8615B339C7}"
EndProject
Project("{F184B08F-C81C-45F6-A57F-5ABD9991F28F}") = "Connectivity", "Connectivity\Connectivity.vbproj", "{76601642-D2D5-4CBD-B043-1BA889C7BED2}"
EndProject
Project("{F184B08F-C81C-45F6-A57F-5ABD9991F28F}") = "Cryptography", "Cryptography\Cryptography.vbproj", "{4FA4F563-6ABF-4A76-88CB-8AFBBEDE91C0}"
EndProject
Project("{F184B08F-C81C-45F6-A57F-5ABD9991F28F}") = "FileManager", "FileManager\FileManager.vbproj", "{258397CE-740F-4FE7-BD9D-FC00EAA3597D}"
EndProject
Project("{F184B08F-C81C-45F6-A57F-5ABD9991F28F}") = "FileMerger", "FileMerger\FileMerger.vbproj", "{FC7FB6B0-8CFC-40CC-8A54-AE4C87C9CA11}"
EndProject
Project("{F184B08F-C81C-45F6-A57F-5ABD9991F28F}") = "FluentResizer", "FluentResizer\FluentResizer.vbproj", "{4E50AE3A-9B71-4EAF-A24E-1C2F3F10E565}"
EndProject
Project("{2150E333-8FDC-42A3-9474-1A3956D46DE8}") = "Infrastructure", "Infrastructure", "{A98513ED-43E6-4793-9D5E-E7D0A8E44194}"
EndProject
Project("{F184B08F-C81C-45F6-A57F-5ABD9991F28F}") = "Locator", "Locator\Locator.vbproj", "{C64B9B56-5867-4D8D-9E8A-00B9676120E1}"
EndProject
Project("{F184B08F-C81C-45F6-A57F-5ABD9991F28F}") = "PaginatedList", "PaginatedList\PaginatedList.vbproj", "{DAFC0888-C795-4BBF-9599-99D331F320FE}"
EndProject
Project("{2150E333-8FDC-42A3-9474-1A3956D46DE8}") = "Lists", "Lists", "{91D6EAA2-9A59-4E18-A4D2-C36FC6E5D0E6}"
EndProject
Project("{F184B08F-C81C-45F6-A57F-5ABD9991F28F}") = "CToolStripRender", "CToolStripRender\CToolStripRender.vbproj", "{AB6153FF-F023-4EB4-84AD-D500F9298A15}"
EndProject
Project("{F184B08F-C81C-45F6-A57F-5ABD9991F28F}") = "ToolStripCheckBox", "ToolStripCheckBox\ToolStripCheckBox.vbproj", "{546C0AE7-7AE7-4D55-92EC-1D29AF6CF5E4}"
EndProject
Project("{F184B08F-C81C-45F6-A57F-5ABD9991F28F}") = "CUITypeEditor", "CUITypeEditor\CUITypeEditor.vbproj", "{95C2B601-E908-417F-B9AD-9C5F159962F6}"
EndProject
Project("{F184B08F-C81C-45F6-A57F-5ABD9991F28F}") = "CentralizedComboBox", "CentralizedComboBox\CentralizedComboBox.vbproj", "{46425FB1-038F-44AB-8D0B-B8F850BE8115}"
EndProject
Project("{F184B08F-C81C-45F6-A57F-5ABD9991F28F}") = "ColorPicker", "ColorPicker\ColorPicker.vbproj", "{9526A607-7684-4A0B-BD57-B379A7661D46}"
EndProject
Project("{F184B08F-C81C-45F6-A57F-5ABD9991F28F}") = "ControlSlider", "ControlSlider\ControlSlider.vbproj", "{56E65443-AC66-480A-9FCF-1D4A69657EED}"
	ProjectSection(ProjectDependencies) = postProject
		{389D24DE-863A-4694-AE30-827E53E0A441} = {389D24DE-863A-4694-AE30-827E53E0A441}
	EndProjectSection
EndProject
Project("{F184B08F-C81C-45F6-A57F-5ABD9991F28F}") = "DataGridViewClipboart", "DataGridViewClipboart\DataGridViewClipboart.vbproj", "{98EF6383-788F-48AB-B9DA-B6D615C71EBA}"
EndProject
Project("{F184B08F-C81C-45F6-A57F-5ABD9991F28F}") = "DataGridViewNavigator", "DataGridViewNavigator\DataGridViewNavigator.vbproj", "{9A0C231B-1F8D-456B-98AE-ADB8E3888744}"
EndProject
Project("{F184B08F-C81C-45F6-A57F-5ABD9991F28F}") = "DateBox", "DateBox\DateBox.vbproj", "{8C2D0739-6E2E-4F3C-808F-E346EBC81686}"
	ProjectSection(ProjectDependencies) = postProject
		{42F64474-EF13-4EE7-82A4-D9FE8E094100} = {42F64474-EF13-4EE7-82A4-D9FE8E094100}
	EndProjectSection
EndProject
Project("{F184B08F-C81C-45F6-A57F-5ABD9991F28F}") = "DecimalBox", "DecimalBox\DecimalBox.vbproj", "{089C4BD3-03B9-4D5B-8454-2D7D2B9A295C}"
EndProject
Project("{F184B08F-C81C-45F6-A57F-5ABD9991F28F}") = "NoFocusCueButton", "NoFocusCueButton\NoFocusCueButton.vbproj", "{039D0D2F-663F-414A-9C7E-32C715DB5499}"
EndProject
Project("{F184B08F-C81C-45F6-A57F-5ABD9991F28F}") = "PercentageBox", "PercentageBox\PercentageBox.vbproj", "{BD358D5B-6F9B-4DBD-AA75-96F0125E1925}"
EndProject
Project("{F184B08F-C81C-45F6-A57F-5ABD9991F28F}") = "PictureViewer", "PictureViewer\PictureViewer.vbproj", "{9083A352-4B48-40F2-8C53-53AA1E9C6734}"
	ProjectSection(ProjectDependencies) = postProject
		{039D0D2F-663F-414A-9C7E-32C715DB5499} = {039D0D2F-663F-414A-9C7E-32C715DB5499}
		{389D24DE-863A-4694-AE30-827E53E0A441} = {389D24DE-863A-4694-AE30-827E53E0A441}
	EndProjectSection
EndProject
Project("{F184B08F-C81C-45F6-A57F-5ABD9991F28F}") = "QueriedBox", "QueriedBox\QueriedBox.vbproj", "{61E8F2C4-1722-40A1-B4CB-A17797C6E126}"
EndProject
Project("{F184B08F-C81C-45F6-A57F-5ABD9991F28F}") = "RichTextButton", "RichTextButton\RichTextButton.vbproj", "{4EA0B897-735A-4A48-BCB8-5414D1AE9678}"
	ProjectSection(ProjectDependencies) = postProject
		{039D0D2F-663F-414A-9C7E-32C715DB5499} = {039D0D2F-663F-414A-9C7E-32C715DB5499}
	EndProjectSection
EndProject
Project("{F184B08F-C81C-45F6-A57F-5ABD9991F28F}") = "Separator", "Separator\Separator.vbproj", "{41774A8F-7DEA-4201-BACA-C1C7A5EE0820}"
EndProject
Project("{F184B08F-C81C-45F6-A57F-5ABD9991F28F}") = "SplitButton", "SplitButton\SplitButton.vbproj", "{7D2DBC5C-CB41-42B5-B2D1-A9EF49C05695}"
	ProjectSection(ProjectDependencies) = postProject
		{039D0D2F-663F-414A-9C7E-32C715DB5499} = {039D0D2F-663F-414A-9C7E-32C715DB5499}
	EndProjectSection
EndProject
Project("{F184B08F-C81C-45F6-A57F-5ABD9991F28F}") = "ColoredProgressBar", "ColoredProgressBar\ColoredProgressBar.vbproj", "{11AEBCB1-BC37-476E-993D-D4FD50D8E249}"
EndProject
Project("{F184B08F-C81C-45F6-A57F-5ABD9991F28F}") = "TimeBox", "TimeBox\TimeBox.vbproj", "{33B30BBF-49E5-4FDD-BD2E-AD82662FE9B1}"
EndProject
Project("{F184B08F-C81C-45F6-A57F-5ABD9991F28F}") = "ToggleButton", "ToggleButton\ToggleButton.vbproj", "{6DCBE5A0-EADA-424F-8C6F-3E916AF250AA}"
EndProject
Global
	GlobalSection(SolutionConfigurationPlatforms) = preSolution
		Debug|Any CPU = Debug|Any CPU
		Release|Any CPU = Release|Any CPU
	EndGlobalSection
	GlobalSection(ProjectConfigurationPlatforms) = postSolution
		{94BF6DB6-2F49-472A-9A57-387208BB0B39}.Debug|Any CPU.ActiveCfg = Debug|Any CPU
		{94BF6DB6-2F49-472A-9A57-387208BB0B39}.Debug|Any CPU.Build.0 = Debug|Any CPU
		{94BF6DB6-2F49-472A-9A57-387208BB0B39}.Release|Any CPU.ActiveCfg = Release|Any CPU
		{94BF6DB6-2F49-472A-9A57-387208BB0B39}.Release|Any CPU.Build.0 = Release|Any CPU
		{17A2155E-D5B0-4C07-823F-42DA606BC5FC}.Debug|Any CPU.ActiveCfg = Debug|Any CPU
		{17A2155E-D5B0-4C07-823F-42DA606BC5FC}.Debug|Any CPU.Build.0 = Debug|Any CPU
		{17A2155E-D5B0-4C07-823F-42DA606BC5FC}.Release|Any CPU.ActiveCfg = Release|Any CPU
		{17A2155E-D5B0-4C07-823F-42DA606BC5FC}.Release|Any CPU.Build.0 = Release|Any CPU
		{BD4FC9AD-785A-43EB-8795-E4B6FA09338C}.Debug|Any CPU.ActiveCfg = Debug|Any CPU
		{BD4FC9AD-785A-43EB-8795-E4B6FA09338C}.Debug|Any CPU.Build.0 = Debug|Any CPU
		{BD4FC9AD-785A-43EB-8795-E4B6FA09338C}.Release|Any CPU.ActiveCfg = Release|Any CPU
		{BD4FC9AD-785A-43EB-8795-E4B6FA09338C}.Release|Any CPU.Build.0 = Release|Any CPU
		{F787211D-B020-49A4-A470-1F82C2787059}.Debug|Any CPU.ActiveCfg = Debug|Any CPU
		{F787211D-B020-49A4-A470-1F82C2787059}.Debug|Any CPU.Build.0 = Debug|Any CPU
		{F787211D-B020-49A4-A470-1F82C2787059}.Release|Any CPU.ActiveCfg = Release|Any CPU
		{F787211D-B020-49A4-A470-1F82C2787059}.Release|Any CPU.Build.0 = Release|Any CPU
		{389D24DE-863A-4694-AE30-827E53E0A441}.Debug|Any CPU.ActiveCfg = Debug|Any CPU
		{389D24DE-863A-4694-AE30-827E53E0A441}.Debug|Any CPU.Build.0 = Debug|Any CPU
		{389D24DE-863A-4694-AE30-827E53E0A441}.Release|Any CPU.ActiveCfg = Release|Any CPU
		{389D24DE-863A-4694-AE30-827E53E0A441}.Release|Any CPU.Build.0 = Release|Any CPU
		{DE5F49AD-067D-476D-93ED-56944E3772DC}.Debug|Any CPU.ActiveCfg = Debug|Any CPU
		{DE5F49AD-067D-476D-93ED-56944E3772DC}.Debug|Any CPU.Build.0 = Debug|Any CPU
		{DE5F49AD-067D-476D-93ED-56944E3772DC}.Release|Any CPU.ActiveCfg = Release|Any CPU
		{DE5F49AD-067D-476D-93ED-56944E3772DC}.Release|Any CPU.Build.0 = Release|Any CPU
		{46D9EA37-C3DB-4D34-B836-C8F2DDE049F5}.Debug|Any CPU.ActiveCfg = Debug|Any CPU
		{46D9EA37-C3DB-4D34-B836-C8F2DDE049F5}.Debug|Any CPU.Build.0 = Debug|Any CPU
		{46D9EA37-C3DB-4D34-B836-C8F2DDE049F5}.Release|Any CPU.ActiveCfg = Release|Any CPU
		{46D9EA37-C3DB-4D34-B836-C8F2DDE049F5}.Release|Any CPU.Build.0 = Release|Any CPU
		{A4369EF7-1E52-4690-AD75-396E3F6630EF}.Debug|Any CPU.ActiveCfg = Debug|Any CPU
		{A4369EF7-1E52-4690-AD75-396E3F6630EF}.Debug|Any CPU.Build.0 = Debug|Any CPU
		{A4369EF7-1E52-4690-AD75-396E3F6630EF}.Release|Any CPU.ActiveCfg = Release|Any CPU
		{A4369EF7-1E52-4690-AD75-396E3F6630EF}.Release|Any CPU.Build.0 = Release|Any CPU
		{5139C399-E48D-4437-A875-E6CB6891BC5F}.Debug|Any CPU.ActiveCfg = Debug|Any CPU
		{5139C399-E48D-4437-A875-E6CB6891BC5F}.Debug|Any CPU.Build.0 = Debug|Any CPU
		{5139C399-E48D-4437-A875-E6CB6891BC5F}.Release|Any CPU.ActiveCfg = Release|Any CPU
		{5139C399-E48D-4437-A875-E6CB6891BC5F}.Release|Any CPU.Build.0 = Release|Any CPU
		{42F64474-EF13-4EE7-82A4-D9FE8E094100}.Debug|Any CPU.ActiveCfg = Debug|Any CPU
		{42F64474-EF13-4EE7-82A4-D9FE8E094100}.Debug|Any CPU.Build.0 = Debug|Any CPU
		{42F64474-EF13-4EE7-82A4-D9FE8E094100}.Release|Any CPU.ActiveCfg = Release|Any CPU
		{42F64474-EF13-4EE7-82A4-D9FE8E094100}.Release|Any CPU.Build.0 = Release|Any CPU
		{2A4C54D6-16E3-4EC3-BABB-9D8615B339C7}.Debug|Any CPU.ActiveCfg = Debug|Any CPU
		{2A4C54D6-16E3-4EC3-BABB-9D8615B339C7}.Debug|Any CPU.Build.0 = Debug|Any CPU
		{2A4C54D6-16E3-4EC3-BABB-9D8615B339C7}.Release|Any CPU.ActiveCfg = Release|Any CPU
		{2A4C54D6-16E3-4EC3-BABB-9D8615B339C7}.Release|Any CPU.Build.0 = Release|Any CPU
		{76601642-D2D5-4CBD-B043-1BA889C7BED2}.Debug|Any CPU.ActiveCfg = Debug|Any CPU
		{76601642-D2D5-4CBD-B043-1BA889C7BED2}.Debug|Any CPU.Build.0 = Debug|Any CPU
		{76601642-D2D5-4CBD-B043-1BA889C7BED2}.Release|Any CPU.ActiveCfg = Release|Any CPU
		{76601642-D2D5-4CBD-B043-1BA889C7BED2}.Release|Any CPU.Build.0 = Release|Any CPU
		{4FA4F563-6ABF-4A76-88CB-8AFBBEDE91C0}.Debug|Any CPU.ActiveCfg = Debug|Any CPU
		{4FA4F563-6ABF-4A76-88CB-8AFBBEDE91C0}.Debug|Any CPU.Build.0 = Debug|Any CPU
		{4FA4F563-6ABF-4A76-88CB-8AFBBEDE91C0}.Release|Any CPU.ActiveCfg = Release|Any CPU
		{4FA4F563-6ABF-4A76-88CB-8AFBBEDE91C0}.Release|Any CPU.Build.0 = Release|Any CPU
		{258397CE-740F-4FE7-BD9D-FC00EAA3597D}.Debug|Any CPU.ActiveCfg = Debug|Any CPU
		{258397CE-740F-4FE7-BD9D-FC00EAA3597D}.Debug|Any CPU.Build.0 = Debug|Any CPU
		{258397CE-740F-4FE7-BD9D-FC00EAA3597D}.Release|Any CPU.ActiveCfg = Release|Any CPU
		{258397CE-740F-4FE7-BD9D-FC00EAA3597D}.Release|Any CPU.Build.0 = Release|Any CPU
		{FC7FB6B0-8CFC-40CC-8A54-AE4C87C9CA11}.Debug|Any CPU.ActiveCfg = Debug|Any CPU
		{FC7FB6B0-8CFC-40CC-8A54-AE4C87C9CA11}.Debug|Any CPU.Build.0 = Debug|Any CPU
		{FC7FB6B0-8CFC-40CC-8A54-AE4C87C9CA11}.Release|Any CPU.ActiveCfg = Release|Any CPU
		{FC7FB6B0-8CFC-40CC-8A54-AE4C87C9CA11}.Release|Any CPU.Build.0 = Release|Any CPU
		{4E50AE3A-9B71-4EAF-A24E-1C2F3F10E565}.Debug|Any CPU.ActiveCfg = Debug|Any CPU
		{4E50AE3A-9B71-4EAF-A24E-1C2F3F10E565}.Debug|Any CPU.Build.0 = Debug|Any CPU
		{4E50AE3A-9B71-4EAF-A24E-1C2F3F10E565}.Release|Any CPU.ActiveCfg = Release|Any CPU
		{4E50AE3A-9B71-4EAF-A24E-1C2F3F10E565}.Release|Any CPU.Build.0 = Release|Any CPU
		{C64B9B56-5867-4D8D-9E8A-00B9676120E1}.Debug|Any CPU.ActiveCfg = Debug|Any CPU
		{C64B9B56-5867-4D8D-9E8A-00B9676120E1}.Debug|Any CPU.Build.0 = Debug|Any CPU
		{C64B9B56-5867-4D8D-9E8A-00B9676120E1}.Release|Any CPU.ActiveCfg = Release|Any CPU
		{C64B9B56-5867-4D8D-9E8A-00B9676120E1}.Release|Any CPU.Build.0 = Release|Any CPU
		{DAFC0888-C795-4BBF-9599-99D331F320FE}.Debug|Any CPU.ActiveCfg = Debug|Any CPU
		{DAFC0888-C795-4BBF-9599-99D331F320FE}.Debug|Any CPU.Build.0 = Debug|Any CPU
		{DAFC0888-C795-4BBF-9599-99D331F320FE}.Release|Any CPU.ActiveCfg = Release|Any CPU
		{DAFC0888-C795-4BBF-9599-99D331F320FE}.Release|Any CPU.Build.0 = Release|Any CPU
		{AB6153FF-F023-4EB4-84AD-D500F9298A15}.Debug|Any CPU.ActiveCfg = Debug|Any CPU
		{AB6153FF-F023-4EB4-84AD-D500F9298A15}.Debug|Any CPU.Build.0 = Debug|Any CPU
		{AB6153FF-F023-4EB4-84AD-D500F9298A15}.Release|Any CPU.ActiveCfg = Release|Any CPU
		{AB6153FF-F023-4EB4-84AD-D500F9298A15}.Release|Any CPU.Build.0 = Release|Any CPU
		{546C0AE7-7AE7-4D55-92EC-1D29AF6CF5E4}.Debug|Any CPU.ActiveCfg = Debug|Any CPU
		{546C0AE7-7AE7-4D55-92EC-1D29AF6CF5E4}.Debug|Any CPU.Build.0 = Debug|Any CPU
		{546C0AE7-7AE7-4D55-92EC-1D29AF6CF5E4}.Release|Any CPU.ActiveCfg = Release|Any CPU
		{546C0AE7-7AE7-4D55-92EC-1D29AF6CF5E4}.Release|Any CPU.Build.0 = Release|Any CPU
		{95C2B601-E908-417F-B9AD-9C5F159962F6}.Debug|Any CPU.ActiveCfg = Debug|Any CPU
		{95C2B601-E908-417F-B9AD-9C5F159962F6}.Debug|Any CPU.Build.0 = Debug|Any CPU
		{95C2B601-E908-417F-B9AD-9C5F159962F6}.Release|Any CPU.ActiveCfg = Release|Any CPU
		{95C2B601-E908-417F-B9AD-9C5F159962F6}.Release|Any CPU.Build.0 = Release|Any CPU
		{46425FB1-038F-44AB-8D0B-B8F850BE8115}.Debug|Any CPU.ActiveCfg = Debug|Any CPU
		{46425FB1-038F-44AB-8D0B-B8F850BE8115}.Debug|Any CPU.Build.0 = Debug|Any CPU
		{46425FB1-038F-44AB-8D0B-B8F850BE8115}.Release|Any CPU.ActiveCfg = Release|Any CPU
		{46425FB1-038F-44AB-8D0B-B8F850BE8115}.Release|Any CPU.Build.0 = Release|Any CPU
		{9526A607-7684-4A0B-BD57-B379A7661D46}.Debug|Any CPU.ActiveCfg = Debug|Any CPU
		{9526A607-7684-4A0B-BD57-B379A7661D46}.Debug|Any CPU.Build.0 = Debug|Any CPU
		{9526A607-7684-4A0B-BD57-B379A7661D46}.Release|Any CPU.ActiveCfg = Release|Any CPU
		{9526A607-7684-4A0B-BD57-B379A7661D46}.Release|Any CPU.Build.0 = Release|Any CPU
		{56E65443-AC66-480A-9FCF-1D4A69657EED}.Debug|Any CPU.ActiveCfg = Debug|Any CPU
		{56E65443-AC66-480A-9FCF-1D4A69657EED}.Debug|Any CPU.Build.0 = Debug|Any CPU
		{56E65443-AC66-480A-9FCF-1D4A69657EED}.Release|Any CPU.ActiveCfg = Release|Any CPU
		{56E65443-AC66-480A-9FCF-1D4A69657EED}.Release|Any CPU.Build.0 = Release|Any CPU
		{98EF6383-788F-48AB-B9DA-B6D615C71EBA}.Debug|Any CPU.ActiveCfg = Debug|Any CPU
		{98EF6383-788F-48AB-B9DA-B6D615C71EBA}.Debug|Any CPU.Build.0 = Debug|Any CPU
		{98EF6383-788F-48AB-B9DA-B6D615C71EBA}.Release|Any CPU.ActiveCfg = Release|Any CPU
		{98EF6383-788F-48AB-B9DA-B6D615C71EBA}.Release|Any CPU.Build.0 = Release|Any CPU
		{9A0C231B-1F8D-456B-98AE-ADB8E3888744}.Debug|Any CPU.ActiveCfg = Debug|Any CPU
		{9A0C231B-1F8D-456B-98AE-ADB8E3888744}.Debug|Any CPU.Build.0 = Debug|Any CPU
		{9A0C231B-1F8D-456B-98AE-ADB8E3888744}.Release|Any CPU.ActiveCfg = Release|Any CPU
		{9A0C231B-1F8D-456B-98AE-ADB8E3888744}.Release|Any CPU.Build.0 = Release|Any CPU
		{8C2D0739-6E2E-4F3C-808F-E346EBC81686}.Debug|Any CPU.ActiveCfg = Debug|Any CPU
		{8C2D0739-6E2E-4F3C-808F-E346EBC81686}.Debug|Any CPU.Build.0 = Debug|Any CPU
		{8C2D0739-6E2E-4F3C-808F-E346EBC81686}.Release|Any CPU.ActiveCfg = Release|Any CPU
		{8C2D0739-6E2E-4F3C-808F-E346EBC81686}.Release|Any CPU.Build.0 = Release|Any CPU
		{089C4BD3-03B9-4D5B-8454-2D7D2B9A295C}.Debug|Any CPU.ActiveCfg = Debug|Any CPU
		{089C4BD3-03B9-4D5B-8454-2D7D2B9A295C}.Debug|Any CPU.Build.0 = Debug|Any CPU
		{089C4BD3-03B9-4D5B-8454-2D7D2B9A295C}.Release|Any CPU.ActiveCfg = Release|Any CPU
		{089C4BD3-03B9-4D5B-8454-2D7D2B9A295C}.Release|Any CPU.Build.0 = Release|Any CPU
		{039D0D2F-663F-414A-9C7E-32C715DB5499}.Debug|Any CPU.ActiveCfg = Debug|Any CPU
		{039D0D2F-663F-414A-9C7E-32C715DB5499}.Debug|Any CPU.Build.0 = Debug|Any CPU
		{039D0D2F-663F-414A-9C7E-32C715DB5499}.Release|Any CPU.ActiveCfg = Release|Any CPU
		{039D0D2F-663F-414A-9C7E-32C715DB5499}.Release|Any CPU.Build.0 = Release|Any CPU
		{BD358D5B-6F9B-4DBD-AA75-96F0125E1925}.Debug|Any CPU.ActiveCfg = Debug|Any CPU
		{BD358D5B-6F9B-4DBD-AA75-96F0125E1925}.Debug|Any CPU.Build.0 = Debug|Any CPU
		{BD358D5B-6F9B-4DBD-AA75-96F0125E1925}.Release|Any CPU.ActiveCfg = Release|Any CPU
		{BD358D5B-6F9B-4DBD-AA75-96F0125E1925}.Release|Any CPU.Build.0 = Release|Any CPU
		{9083A352-4B48-40F2-8C53-53AA1E9C6734}.Debug|Any CPU.ActiveCfg = Debug|Any CPU
		{9083A352-4B48-40F2-8C53-53AA1E9C6734}.Debug|Any CPU.Build.0 = Debug|Any CPU
		{9083A352-4B48-40F2-8C53-53AA1E9C6734}.Release|Any CPU.ActiveCfg = Release|Any CPU
		{9083A352-4B48-40F2-8C53-53AA1E9C6734}.Release|Any CPU.Build.0 = Release|Any CPU
		{61E8F2C4-1722-40A1-B4CB-A17797C6E126}.Debug|Any CPU.ActiveCfg = Debug|Any CPU
		{61E8F2C4-1722-40A1-B4CB-A17797C6E126}.Debug|Any CPU.Build.0 = Debug|Any CPU
		{61E8F2C4-1722-40A1-B4CB-A17797C6E126}.Release|Any CPU.ActiveCfg = Release|Any CPU
		{61E8F2C4-1722-40A1-B4CB-A17797C6E126}.Release|Any CPU.Build.0 = Release|Any CPU
		{4EA0B897-735A-4A48-BCB8-5414D1AE9678}.Debug|Any CPU.ActiveCfg = Debug|Any CPU
		{4EA0B897-735A-4A48-BCB8-5414D1AE9678}.Debug|Any CPU.Build.0 = Debug|Any CPU
		{4EA0B897-735A-4A48-BCB8-5414D1AE9678}.Release|Any CPU.ActiveCfg = Release|Any CPU
		{4EA0B897-735A-4A48-BCB8-5414D1AE9678}.Release|Any CPU.Build.0 = Release|Any CPU
		{41774A8F-7DEA-4201-BACA-C1C7A5EE0820}.Debug|Any CPU.ActiveCfg = Debug|Any CPU
		{41774A8F-7DEA-4201-BACA-C1C7A5EE0820}.Debug|Any CPU.Build.0 = Debug|Any CPU
		{41774A8F-7DEA-4201-BACA-C1C7A5EE0820}.Release|Any CPU.ActiveCfg = Release|Any CPU
		{41774A8F-7DEA-4201-BACA-C1C7A5EE0820}.Release|Any CPU.Build.0 = Release|Any CPU
		{7D2DBC5C-CB41-42B5-B2D1-A9EF49C05695}.Debug|Any CPU.ActiveCfg = Debug|Any CPU
		{7D2DBC5C-CB41-42B5-B2D1-A9EF49C05695}.Debug|Any CPU.Build.0 = Debug|Any CPU
		{7D2DBC5C-CB41-42B5-B2D1-A9EF49C05695}.Release|Any CPU.ActiveCfg = Release|Any CPU
		{7D2DBC5C-CB41-42B5-B2D1-A9EF49C05695}.Release|Any CPU.Build.0 = Release|Any CPU
		{11AEBCB1-BC37-476E-993D-D4FD50D8E249}.Debug|Any CPU.ActiveCfg = Debug|Any CPU
		{11AEBCB1-BC37-476E-993D-D4FD50D8E249}.Debug|Any CPU.Build.0 = Debug|Any CPU
		{11AEBCB1-BC37-476E-993D-D4FD50D8E249}.Release|Any CPU.ActiveCfg = Release|Any CPU
		{11AEBCB1-BC37-476E-993D-D4FD50D8E249}.Release|Any CPU.Build.0 = Release|Any CPU
		{33B30BBF-49E5-4FDD-BD2E-AD82662FE9B1}.Debug|Any CPU.ActiveCfg = Debug|Any CPU
		{33B30BBF-49E5-4FDD-BD2E-AD82662FE9B1}.Debug|Any CPU.Build.0 = Debug|Any CPU
		{33B30BBF-49E5-4FDD-BD2E-AD82662FE9B1}.Release|Any CPU.ActiveCfg = Release|Any CPU
		{33B30BBF-49E5-4FDD-BD2E-AD82662FE9B1}.Release|Any CPU.Build.0 = Release|Any CPU
		{6DCBE5A0-EADA-424F-8C6F-3E916AF250AA}.Debug|Any CPU.ActiveCfg = Debug|Any CPU
		{6DCBE5A0-EADA-424F-8C6F-3E916AF250AA}.Debug|Any CPU.Build.0 = Debug|Any CPU
		{6DCBE5A0-EADA-424F-8C6F-3E916AF250AA}.Release|Any CPU.ActiveCfg = Release|Any CPU
		{6DCBE5A0-EADA-424F-8C6F-3E916AF250AA}.Release|Any CPU.Build.0 = Release|Any CPU
	EndGlobalSection
	GlobalSection(SolutionProperties) = preSolution
		HideSolutionNode = FALSE
	EndGlobalSection
	GlobalSection(NestedProjects) = preSolution
		{94BF6DB6-2F49-472A-9A57-387208BB0B39} = {02EA681E-C7D8-13C7-8484-4AC65E1B71E8}
		{17A2155E-D5B0-4C07-823F-42DA606BC5FC} = {02EA681E-C7D8-13C7-8484-4AC65E1B71E8}
		{BD4FC9AD-785A-43EB-8795-E4B6FA09338C} = {02EA681E-C7D8-13C7-8484-4AC65E1B71E8}
		{F787211D-B020-49A4-A470-1F82C2787059} = {449F1DDD-0D88-4E63-B9B1-D3214BBA4E5C}
		{389D24DE-863A-4694-AE30-827E53E0A441} = {8049B2F0-C291-4A56-9766-E65D09BAA436}
		{46D9EA37-C3DB-4D34-B836-C8F2DDE049F5} = {4FFC4AC6-A7A6-47B1-86A5-252A1BB23D32}
		{A4369EF7-1E52-4690-AD75-396E3F6630EF} = {3242EC2F-289A-498A-A02D-815D23670F14}
		{5139C399-E48D-4437-A875-E6CB6891BC5F} = {D60DA386-54B6-458C-81A7-194DEE108E08}
		{42F64474-EF13-4EE7-82A4-D9FE8E094100} = {D60DA386-54B6-458C-81A7-194DEE108E08}
		{2A4C54D6-16E3-4EC3-BABB-9D8615B339C7} = {D60DA386-54B6-458C-81A7-194DEE108E08}
		{76601642-D2D5-4CBD-B043-1BA889C7BED2} = {D60DA386-54B6-458C-81A7-194DEE108E08}
		{4FA4F563-6ABF-4A76-88CB-8AFBBEDE91C0} = {D60DA386-54B6-458C-81A7-194DEE108E08}
		{258397CE-740F-4FE7-BD9D-FC00EAA3597D} = {D60DA386-54B6-458C-81A7-194DEE108E08}
		{FC7FB6B0-8CFC-40CC-8A54-AE4C87C9CA11} = {D60DA386-54B6-458C-81A7-194DEE108E08}
		{4E50AE3A-9B71-4EAF-A24E-1C2F3F10E565} = {D60DA386-54B6-458C-81A7-194DEE108E08}
		{C64B9B56-5867-4D8D-9E8A-00B9676120E1} = {A98513ED-43E6-4793-9D5E-E7D0A8E44194}
		{DAFC0888-C795-4BBF-9599-99D331F320FE} = {91D6EAA2-9A59-4E18-A4D2-C36FC6E5D0E6}
		{AB6153FF-F023-4EB4-84AD-D500F9298A15} = {449F1DDD-0D88-4E63-B9B1-D3214BBA4E5C}
		{546C0AE7-7AE7-4D55-92EC-1D29AF6CF5E4} = {449F1DDD-0D88-4E63-B9B1-D3214BBA4E5C}
		{95C2B601-E908-417F-B9AD-9C5F159962F6} = {449F1DDD-0D88-4E63-B9B1-D3214BBA4E5C}
		{46425FB1-038F-44AB-8D0B-B8F850BE8115} = {449F1DDD-0D88-4E63-B9B1-D3214BBA4E5C}
		{9526A607-7684-4A0B-BD57-B379A7661D46} = {D60DA386-54B6-458C-81A7-194DEE108E08}
		{56E65443-AC66-480A-9FCF-1D4A69657EED} = {D60DA386-54B6-458C-81A7-194DEE108E08}
		{98EF6383-788F-48AB-B9DA-B6D615C71EBA} = {D60DA386-54B6-458C-81A7-194DEE108E08}
		{9A0C231B-1F8D-456B-98AE-ADB8E3888744} = {D60DA386-54B6-458C-81A7-194DEE108E08}
		{8C2D0739-6E2E-4F3C-808F-E346EBC81686} = {D60DA386-54B6-458C-81A7-194DEE108E08}
		{089C4BD3-03B9-4D5B-8454-2D7D2B9A295C} = {D60DA386-54B6-458C-81A7-194DEE108E08}
		{039D0D2F-663F-414A-9C7E-32C715DB5499} = {D60DA386-54B6-458C-81A7-194DEE108E08}
		{BD358D5B-6F9B-4DBD-AA75-96F0125E1925} = {D60DA386-54B6-458C-81A7-194DEE108E08}
		{9083A352-4B48-40F2-8C53-53AA1E9C6734} = {D60DA386-54B6-458C-81A7-194DEE108E08}
		{61E8F2C4-1722-40A1-B4CB-A17797C6E126} = {D60DA386-54B6-458C-81A7-194DEE108E08}
		{4EA0B897-735A-4A48-BCB8-5414D1AE9678} = {D60DA386-54B6-458C-81A7-194DEE108E08}
		{41774A8F-7DEA-4201-BACA-C1C7A5EE0820} = {D60DA386-54B6-458C-81A7-194DEE108E08}
		{7D2DBC5C-CB41-42B5-B2D1-A9EF49C05695} = {D60DA386-54B6-458C-81A7-194DEE108E08}
		{11AEBCB1-BC37-476E-993D-D4FD50D8E249} = {449F1DDD-0D88-4E63-B9B1-D3214BBA4E5C}
		{33B30BBF-49E5-4FDD-BD2E-AD82662FE9B1} = {D60DA386-54B6-458C-81A7-194DEE108E08}
		{6DCBE5A0-EADA-424F-8C6F-3E916AF250AA} = {D60DA386-54B6-458C-81A7-194DEE108E08}
	EndGlobalSection
	GlobalSection(ExtensibilityGlobals) = postSolution
		SolutionGuid = {D9D22103-398C-42E5-8401-284AD9ECDDC3}
	EndGlobalSection
EndGlobal
