Microsoft Visual Studio Solution File, Format Version 12.00
# Visual Studio Version 17
VisualStudioVersion = 17.0.31903.59
MinimumVisualStudioVersion = 10.0.40219.1
Project("{F184B08F-C81C-45F6-A57F-5ABD9991F28F}") = "ChangeTracker", "ChangeTracker.vbproj", "{A0F74C53-6E5B-4E16-93D3-E1D8DC24B0F1}"
EndProject
Project("{F184B08F-C81C-45F6-A57F-5ABD9991F28F}") = "ChangeTracker.Tests", "Tests\ChangeTracker.Tests.vbproj", "{E3278D9C-806B-4347-886F-EFF46A23830C}"
EndProject
Global
	GlobalSection(SolutionConfigurationPlatforms) = preSolution
		Debug|Any CPU = Debug|Any CPU
		Release|Any CPU = Release|Any CPU
	EndGlobalSection
	GlobalSection(ProjectConfigurationPlatforms) = postSolution
		{A0F74C53-6E5B-4E16-93D3-E1D8DC24B0F1}.Debug|Any CPU.ActiveCfg = Debug|Any CPU
		{A0F74C53-6E5B-4E16-93D3-E1D8DC24B0F1}.Debug|Any CPU.Build.0 = Debug|Any CPU
		{A0F74C53-6E5B-4E16-93D3-E1D8DC24B0F1}.Release|Any CPU.ActiveCfg = Release|Any CPU
		{A0F74C53-6E5B-4E16-93D3-E1D8DC24B0F1}.Release|Any CPU.Build.0 = Release|Any CPU
		{E3278D9C-806B-4347-886F-EFF46A23830C}.Debug|Any CPU.ActiveCfg = Debug|Any CPU
		{E3278D9C-806B-4347-886F-EFF46A23830C}.Debug|Any CPU.Build.0 = Debug|Any CPU
		{E3278D9C-806B-4347-886F-EFF46A23830C}.Release|Any CPU.ActiveCfg = Release|Any CPU
		{E3278D9C-806B-4347-886F-EFF46A23830C}.Release|Any CPU.Build.0 = Release|Any CPU
	EndGlobalSection
EndGlobal
